
Microsoft Visual Studio Solution File, Format Version 12.00
# Visual Studio Version 16
VisualStudioVersion = 16.0.30114.105
MinimumVisualStudioVersion = 10.0.40219.1
Project("{FAE04EC0-301F-11D3-BF4B-00C04F79EFBC}") = "R5T.Dunbar", "R5T.Dunbar\R5T.Dunbar.csproj", "{C5846C29-448F-4526-AC43-AE7CAD7C62BA}"
EndProject
Project("{FAE04EC0-301F-11D3-BF4B-00C04F79EFBC}") = "R5T.Dunbar.A001", "R5T.Dunbar.A001\R5T.Dunbar.A001.csproj", "{E9E60F05-3561-4CD0-84E4-C39B6E6D90FE}"
EndProject
Project("{FAE04EC0-301F-11D3-BF4B-00C04F79EFBC}") = "R5T.Dunbar.Construction", "R5T.Dunbar.Construction\R5T.Dunbar.Construction.csproj", "{2FAFB67F-ABEF-45E8-A567-215B36E92706}"
EndProject
Project("{FAE04EC0-301F-11D3-BF4B-00C04F79EFBC}") = "R5T.Dunbar.D001.Base", "R5T.Dunbar.D001.Base\R5T.Dunbar.D001.Base.csproj", "{37D26D3F-9650-4630-A59E-FD67DB25A4DF}"
EndProject
Project("{FAE04EC0-301F-11D3-BF4B-00C04F79EFBC}") = "R5T.Dunbar.D001.Default", "R5T.Dunbar.D001.Default\R5T.Dunbar.D001.Default.csproj", "{528C32CD-A115-4BC1-A7CF-5487B588BB5F}"
EndProject
Project("{FAE04EC0-301F-11D3-BF4B-00C04F79EFBC}") = "R5T.Dunbar.D001.I001", "R5T.Dunbar.D001.I001\R5T.Dunbar.D001.I001.csproj", "{1C037B7D-3706-4D32-8CAA-FC0E87C0BC1C}"
EndProject
Project("{FAE04EC0-301F-11D3-BF4B-00C04F79EFBC}") = "R5T.Dunbar.D001.I002", "R5T.Dunbar.D001.I002\R5T.Dunbar.D001.I002.csproj", "{207139C0-39D9-4299-917C-169BB0D8D52E}"
EndProject
Project("{FAE04EC0-301F-11D3-BF4B-00C04F79EFBC}") = "R5T.Dunbar.D001.I003", "R5T.Dunbar.D001.I003\R5T.Dunbar.D001.I003.csproj", "{4B64DCC8-3432-4D14-A2EA-1F5A2976EB90}"
EndProject
Project("{FAE04EC0-301F-11D3-BF4B-00C04F79EFBC}") = "R5T.Dunbar.D001.Standard", "R5T.Dunbar.D001.Standard\R5T.Dunbar.D001.Standard.csproj", "{35CCE270-F3B5-48F7-9FCE-D1BC64B42BD4}"
EndProject
Project("{FAE04EC0-301F-11D3-BF4B-00C04F79EFBC}") = "R5T.Dunbar.D002.Base", "R5T.Dunbar.D002.Base\R5T.Dunbar.D002.Base.csproj", "{647AD89F-2681-482E-A951-D194A99B7B52}"
EndProject
Project("{FAE04EC0-301F-11D3-BF4B-00C04F79EFBC}") = "R5T.Dunbar.D002.I001", "R5T.Dunbar.D002.I001\R5T.Dunbar.D002.I001.csproj", "{0D9D793F-116A-4F26-AF86-BED769DBB034}"
EndProject
Project("{FAE04EC0-301F-11D3-BF4B-00C04F79EFBC}") = "R5T.Dunbar.D003.Base", "R5T.Dunbar.D003.Base\R5T.Dunbar.D003.Base.csproj", "{45024107-54E1-42F2-9366-3089A6A1E802}"
EndProject
Project("{FAE04EC0-301F-11D3-BF4B-00C04F79EFBC}") = "R5T.Dunbar.D003.I001", "R5T.Dunbar.D003.I001\R5T.Dunbar.D003.I001.csproj", "{683D1E60-DD9B-451E-8D89-B28ACA219253}"
EndProject
Project("{FAE04EC0-301F-11D3-BF4B-00C04F79EFBC}") = "R5T.Dunbar.D004.Base", "R5T.Dunbar.D004.Base\R5T.Dunbar.D004.Base.csproj", "{30887A0C-1CDB-4A1A-A569-2181BB3EE565}"
EndProject
Project("{FAE04EC0-301F-11D3-BF4B-00C04F79EFBC}") = "R5T.Dunbar.D004.Default", "R5T.Dunbar.D004.Default\R5T.Dunbar.D004.Default.csproj", "{6DF8321A-3936-4EB1-8694-78293BCCB0E5}"
EndProject
Project("{FAE04EC0-301F-11D3-BF4B-00C04F79EFBC}") = "R5T.Dunbar.D005.Base", "R5T.Dunbar.D005.Base\R5T.Dunbar.D005.Base.csproj", "{E906BC3A-EE46-40F9-83CA-603B8D9B4E9C}"
EndProject
Project("{FAE04EC0-301F-11D3-BF4B-00C04F79EFBC}") = "R5T.Dunbar.D005.Default", "R5T.Dunbar.D005.Default\R5T.Dunbar.D005.Default.csproj", "{1343C79F-8242-44CD-B6AE-4E2B12555CA2}"
EndProject
Project("{FAE04EC0-301F-11D3-BF4B-00C04F79EFBC}") = "R5T.Dunbar.D006.Base", "R5T.Dunbar.D006.Base\R5T.Dunbar.D006.Base.csproj", "{D952C218-50D1-4F01-B0CD-7B7BD2FBF63D}"
EndProject
Project("{FAE04EC0-301F-11D3-BF4B-00C04F79EFBC}") = "R5T.Dunbar.D006.Default", "R5T.Dunbar.D006.Default\R5T.Dunbar.D006.Default.csproj", "{F5E8AE4F-01F5-4385-B028-56AC3CD1E2D5}"
EndProject
Project("{FAE04EC0-301F-11D3-BF4B-00C04F79EFBC}") = "R5T.Dunbar.D006.Migrations", "R5T.Dunbar.D006.Migrations\R5T.Dunbar.D006.Migrations.csproj", "{E95476E2-4583-4676-AA7F-11B4A03E467A}"
EndProject
Project("{FAE04EC0-301F-11D3-BF4B-00C04F79EFBC}") = "R5T.Dunbar.D007.Base", "R5T.Dunbar.D007.Base\R5T.Dunbar.D007.Base.csproj", "{91BF9ACC-9C82-4D3A-8458-E963C3BED1DB}"
EndProject
Project("{FAE04EC0-301F-11D3-BF4B-00C04F79EFBC}") = "R5T.Dunbar.D007.Default", "R5T.Dunbar.D007.Default\R5T.Dunbar.D007.Default.csproj", "{4F0726BB-4B3A-4D7C-B24F-9DB9F66AA14A}"
EndProject
Project("{FAE04EC0-301F-11D3-BF4B-00C04F79EFBC}") = "R5T.Dunbar.Example", "R5T.Dunbar.Example\R5T.Dunbar.Example.csproj", "{F500DCCB-1A84-4150-9853-43EE16CF2E97}"
EndProject
Project("{FAE04EC0-301F-11D3-BF4B-00C04F79EFBC}") = "R5T.Dunbar.Example.Database", "R5T.Dunbar.Example.Database\R5T.Dunbar.Example.Database.csproj", "{AD42135A-0F24-4DE7-AF85-E7CFC44F6065}"
EndProject
Project("{FAE04EC0-301F-11D3-BF4B-00C04F79EFBC}") = "R5T.Dunbar.Example.DatabaseConnectionConfiguration", "R5T.Dunbar.Example.DatabaseConnectionConfiguration\R5T.Dunbar.Example.DatabaseConnectionConfiguration.csproj", "{F88AE4F4-8574-4C67-8635-3A494C0CEC82}"
EndProject
Project("{FAE04EC0-301F-11D3-BF4B-00C04F79EFBC}") = "R5T.Dunbar.Example.Migrations", "R5T.Dunbar.Example.Migrations\R5T.Dunbar.Example.Migrations.csproj", "{E3206A43-D5BB-4724-9866-B21452C922DD}"
EndProject
Project("{FAE04EC0-301F-11D3-BF4B-00C04F79EFBC}") = "R5T.Dunbar.Example.Repository", "R5T.Dunbar.Example.Repository\R5T.Dunbar.Example.Repository.csproj", "{C174B42E-E21E-48CF-9F21-77D3CB2DE848}"
EndProject
Project("{FAE04EC0-301F-11D3-BF4B-00C04F79EFBC}") = "R5T.Dunbar.Example.Repository.Database", "R5T.Dunbar.Example.Repository.Database\R5T.Dunbar.Example.Repository.Database.csproj", "{9EFE7908-3C85-4D2B-BCD4-F99128275566}"
EndProject
Project("{FAE04EC0-301F-11D3-BF4B-00C04F79EFBC}") = "R5T.Dunbar.Example.Repository.DbContext", "R5T.Dunbar.Example.Repository.DbContext\R5T.Dunbar.Example.Repository.DbContext.csproj", "{71A7DF35-EA5D-4176-945A-BD7978734848}"
EndProject
Project("{FAE04EC0-301F-11D3-BF4B-00C04F79EFBC}") = "R5T.Dunbar.Example.Repository.Entities", "R5T.Dunbar.Example.Repository.Entities\R5T.Dunbar.Example.Repository.Entities.csproj", "{AA5D0F78-EF4F-476F-ADA9-2104AE369132}"
EndProject
Project("{FAE04EC0-301F-11D3-BF4B-00C04F79EFBC}") = "R5T.Dunbar.Repository", "R5T.Dunbar.Repository\R5T.Dunbar.Repository.csproj", "{E8FEC356-CAB2-407C-AC40-E0A791246F5F}"
EndProject
Project("{FAE04EC0-301F-11D3-BF4B-00C04F79EFBC}") = "R5T.Dunbar.T001", "R5T.Dunbar.T001\R5T.Dunbar.T001.csproj", "{5BDC741B-3D17-4B79-84DD-AD9384C51A09}"
EndProject
Project("{FAE04EC0-301F-11D3-BF4B-00C04F79EFBC}") = "R5T.Dunbar.T002", "R5T.Dunbar.T002\R5T.Dunbar.T002.csproj", "{C5AC713D-918F-4D26-B24D-F3E6565E1060}"
EndProject
Project("{FAE04EC0-301F-11D3-BF4B-00C04F79EFBC}") = "R5T.Dunbar.T002.Extensions", "R5T.Dunbar.T002.Extensions\R5T.Dunbar.T002.Extensions.csproj", "{425AB722-5A95-4FC1-B684-36F8C8EE0F31}"
EndProject
Project("{FAE04EC0-301F-11D3-BF4B-00C04F79EFBC}") = "R5T.Dunbar.T003", "R5T.Dunbar.T003\R5T.Dunbar.T003.csproj", "{07BEB954-D777-4A59-8E23-C9FC914D6CD2}"
EndProject
Project("{FAE04EC0-301F-11D3-BF4B-00C04F79EFBC}") = "R5T.Dunbar.T003.Extensions", "R5T.Dunbar.T003.Extensions\R5T.Dunbar.T003.Extensions.csproj", "{D0F6EE99-7A5E-4594-8FD6-91A6F6119654}"
EndProject
Project("{FAE04EC0-301F-11D3-BF4B-00C04F79EFBC}") = "R5T.Dunbar.T004", "R5T.Dunbar.T004\R5T.Dunbar.T004.csproj", "{84328E5E-265A-4DC9-95D1-B38D3CD0500E}"
EndProject
Project("{FAE04EC0-301F-11D3-BF4B-00C04F79EFBC}") = "R5T.Dunbar.T005", "R5T.Dunbar.T005\R5T.Dunbar.T005.csproj", "{106B7D45-764D-4E21-A3E4-CCF336ED64A7}"
EndProject
Project("{FAE04EC0-301F-11D3-BF4B-00C04F79EFBC}") = "R5T.Dunbar.T006", "R5T.Dunbar.T006\R5T.Dunbar.T006.csproj", "{21C161AF-6C2C-44F5-BF05-ABE97979BB81}"
EndProject
Project("{FAE04EC0-301F-11D3-BF4B-00C04F79EFBC}") = "R5T.Dunbar.T006.Extensions", "R5T.Dunbar.T006.Extensions\R5T.Dunbar.T006.Extensions.csproj", "{6AEB71D3-6FA4-45C9-B5F2-015C45C58BE3}"
EndProject
Project("{FAE04EC0-301F-11D3-BF4B-00C04F79EFBC}") = "R5T.Dunbar.T007", "R5T.Dunbar.T007\R5T.Dunbar.T007.csproj", "{C202D8BD-6E35-4DA2-851E-6B26B7686169}"
EndProject
Project("{FAE04EC0-301F-11D3-BF4B-00C04F79EFBC}") = "R5T.Dunbar.T007.Extensions", "R5T.Dunbar.T007.Extensions\R5T.Dunbar.T007.Extensions.csproj", "{10CB2C56-8C88-4ABF-84F4-0402C9577302}"
EndProject
Global
	GlobalSection(SolutionConfigurationPlatforms) = preSolution
		Debug|Any CPU = Debug|Any CPU
		Debug|x64 = Debug|x64
		Debug|x86 = Debug|x86
		Release|Any CPU = Release|Any CPU
		Release|x64 = Release|x64
		Release|x86 = Release|x86
	EndGlobalSection
	GlobalSection(SolutionProperties) = preSolution
		HideSolutionNode = FALSE
	EndGlobalSection
	GlobalSection(ProjectConfigurationPlatforms) = postSolution
		{C5846C29-448F-4526-AC43-AE7CAD7C62BA}.Debug|Any CPU.ActiveCfg = Debug|Any CPU
		{C5846C29-448F-4526-AC43-AE7CAD7C62BA}.Debug|Any CPU.Build.0 = Debug|Any CPU
		{C5846C29-448F-4526-AC43-AE7CAD7C62BA}.Debug|x64.ActiveCfg = Debug|Any CPU
		{C5846C29-448F-4526-AC43-AE7CAD7C62BA}.Debug|x64.Build.0 = Debug|Any CPU
		{C5846C29-448F-4526-AC43-AE7CAD7C62BA}.Debug|x86.ActiveCfg = Debug|Any CPU
		{C5846C29-448F-4526-AC43-AE7CAD7C62BA}.Debug|x86.Build.0 = Debug|Any CPU
		{C5846C29-448F-4526-AC43-AE7CAD7C62BA}.Release|Any CPU.ActiveCfg = Release|Any CPU
		{C5846C29-448F-4526-AC43-AE7CAD7C62BA}.Release|Any CPU.Build.0 = Release|Any CPU
		{C5846C29-448F-4526-AC43-AE7CAD7C62BA}.Release|x64.ActiveCfg = Release|Any CPU
		{C5846C29-448F-4526-AC43-AE7CAD7C62BA}.Release|x64.Build.0 = Release|Any CPU
		{C5846C29-448F-4526-AC43-AE7CAD7C62BA}.Release|x86.ActiveCfg = Release|Any CPU
		{C5846C29-448F-4526-AC43-AE7CAD7C62BA}.Release|x86.Build.0 = Release|Any CPU
		{E9E60F05-3561-4CD0-84E4-C39B6E6D90FE}.Debug|Any CPU.ActiveCfg = Debug|Any CPU
		{E9E60F05-3561-4CD0-84E4-C39B6E6D90FE}.Debug|Any CPU.Build.0 = Debug|Any CPU
		{E9E60F05-3561-4CD0-84E4-C39B6E6D90FE}.Debug|x64.ActiveCfg = Debug|Any CPU
		{E9E60F05-3561-4CD0-84E4-C39B6E6D90FE}.Debug|x64.Build.0 = Debug|Any CPU
		{E9E60F05-3561-4CD0-84E4-C39B6E6D90FE}.Debug|x86.ActiveCfg = Debug|Any CPU
		{E9E60F05-3561-4CD0-84E4-C39B6E6D90FE}.Debug|x86.Build.0 = Debug|Any CPU
		{E9E60F05-3561-4CD0-84E4-C39B6E6D90FE}.Release|Any CPU.ActiveCfg = Release|Any CPU
		{E9E60F05-3561-4CD0-84E4-C39B6E6D90FE}.Release|Any CPU.Build.0 = Release|Any CPU
		{E9E60F05-3561-4CD0-84E4-C39B6E6D90FE}.Release|x64.ActiveCfg = Release|Any CPU
		{E9E60F05-3561-4CD0-84E4-C39B6E6D90FE}.Release|x64.Build.0 = Release|Any CPU
		{E9E60F05-3561-4CD0-84E4-C39B6E6D90FE}.Release|x86.ActiveCfg = Release|Any CPU
		{E9E60F05-3561-4CD0-84E4-C39B6E6D90FE}.Release|x86.Build.0 = Release|Any CPU
		{2FAFB67F-ABEF-45E8-A567-215B36E92706}.Debug|Any CPU.ActiveCfg = Debug|Any CPU
		{2FAFB67F-ABEF-45E8-A567-215B36E92706}.Debug|Any CPU.Build.0 = Debug|Any CPU
		{2FAFB67F-ABEF-45E8-A567-215B36E92706}.Debug|x64.ActiveCfg = Debug|Any CPU
		{2FAFB67F-ABEF-45E8-A567-215B36E92706}.Debug|x64.Build.0 = Debug|Any CPU
		{2FAFB67F-ABEF-45E8-A567-215B36E92706}.Debug|x86.ActiveCfg = Debug|Any CPU
		{2FAFB67F-ABEF-45E8-A567-215B36E92706}.Debug|x86.Build.0 = Debug|Any CPU
		{2FAFB67F-ABEF-45E8-A567-215B36E92706}.Release|Any CPU.ActiveCfg = Release|Any CPU
		{2FAFB67F-ABEF-45E8-A567-215B36E92706}.Release|Any CPU.Build.0 = Release|Any CPU
		{2FAFB67F-ABEF-45E8-A567-215B36E92706}.Release|x64.ActiveCfg = Release|Any CPU
		{2FAFB67F-ABEF-45E8-A567-215B36E92706}.Release|x64.Build.0 = Release|Any CPU
		{2FAFB67F-ABEF-45E8-A567-215B36E92706}.Release|x86.ActiveCfg = Release|Any CPU
		{2FAFB67F-ABEF-45E8-A567-215B36E92706}.Release|x86.Build.0 = Release|Any CPU
		{37D26D3F-9650-4630-A59E-FD67DB25A4DF}.Debug|Any CPU.ActiveCfg = Debug|Any CPU
		{37D26D3F-9650-4630-A59E-FD67DB25A4DF}.Debug|Any CPU.Build.0 = Debug|Any CPU
		{37D26D3F-9650-4630-A59E-FD67DB25A4DF}.Debug|x64.ActiveCfg = Debug|Any CPU
		{37D26D3F-9650-4630-A59E-FD67DB25A4DF}.Debug|x64.Build.0 = Debug|Any CPU
		{37D26D3F-9650-4630-A59E-FD67DB25A4DF}.Debug|x86.ActiveCfg = Debug|Any CPU
		{37D26D3F-9650-4630-A59E-FD67DB25A4DF}.Debug|x86.Build.0 = Debug|Any CPU
		{37D26D3F-9650-4630-A59E-FD67DB25A4DF}.Release|Any CPU.ActiveCfg = Release|Any CPU
		{37D26D3F-9650-4630-A59E-FD67DB25A4DF}.Release|Any CPU.Build.0 = Release|Any CPU
		{37D26D3F-9650-4630-A59E-FD67DB25A4DF}.Release|x64.ActiveCfg = Release|Any CPU
		{37D26D3F-9650-4630-A59E-FD67DB25A4DF}.Release|x64.Build.0 = Release|Any CPU
		{37D26D3F-9650-4630-A59E-FD67DB25A4DF}.Release|x86.ActiveCfg = Release|Any CPU
		{37D26D3F-9650-4630-A59E-FD67DB25A4DF}.Release|x86.Build.0 = Release|Any CPU
		{528C32CD-A115-4BC1-A7CF-5487B588BB5F}.Debug|Any CPU.ActiveCfg = Debug|Any CPU
		{528C32CD-A115-4BC1-A7CF-5487B588BB5F}.Debug|Any CPU.Build.0 = Debug|Any CPU
		{528C32CD-A115-4BC1-A7CF-5487B588BB5F}.Debug|x64.ActiveCfg = Debug|Any CPU
		{528C32CD-A115-4BC1-A7CF-5487B588BB5F}.Debug|x64.Build.0 = Debug|Any CPU
		{528C32CD-A115-4BC1-A7CF-5487B588BB5F}.Debug|x86.ActiveCfg = Debug|Any CPU
		{528C32CD-A115-4BC1-A7CF-5487B588BB5F}.Debug|x86.Build.0 = Debug|Any CPU
		{528C32CD-A115-4BC1-A7CF-5487B588BB5F}.Release|Any CPU.ActiveCfg = Release|Any CPU
		{528C32CD-A115-4BC1-A7CF-5487B588BB5F}.Release|Any CPU.Build.0 = Release|Any CPU
		{528C32CD-A115-4BC1-A7CF-5487B588BB5F}.Release|x64.ActiveCfg = Release|Any CPU
		{528C32CD-A115-4BC1-A7CF-5487B588BB5F}.Release|x64.Build.0 = Release|Any CPU
		{528C32CD-A115-4BC1-A7CF-5487B588BB5F}.Release|x86.ActiveCfg = Release|Any CPU
		{528C32CD-A115-4BC1-A7CF-5487B588BB5F}.Release|x86.Build.0 = Release|Any CPU
		{1C037B7D-3706-4D32-8CAA-FC0E87C0BC1C}.Debug|Any CPU.ActiveCfg = Debug|Any CPU
		{1C037B7D-3706-4D32-8CAA-FC0E87C0BC1C}.Debug|Any CPU.Build.0 = Debug|Any CPU
		{1C037B7D-3706-4D32-8CAA-FC0E87C0BC1C}.Debug|x64.ActiveCfg = Debug|Any CPU
		{1C037B7D-3706-4D32-8CAA-FC0E87C0BC1C}.Debug|x64.Build.0 = Debug|Any CPU
		{1C037B7D-3706-4D32-8CAA-FC0E87C0BC1C}.Debug|x86.ActiveCfg = Debug|Any CPU
		{1C037B7D-3706-4D32-8CAA-FC0E87C0BC1C}.Debug|x86.Build.0 = Debug|Any CPU
		{1C037B7D-3706-4D32-8CAA-FC0E87C0BC1C}.Release|Any CPU.ActiveCfg = Release|Any CPU
		{1C037B7D-3706-4D32-8CAA-FC0E87C0BC1C}.Release|Any CPU.Build.0 = Release|Any CPU
		{1C037B7D-3706-4D32-8CAA-FC0E87C0BC1C}.Release|x64.ActiveCfg = Release|Any CPU
		{1C037B7D-3706-4D32-8CAA-FC0E87C0BC1C}.Release|x64.Build.0 = Release|Any CPU
		{1C037B7D-3706-4D32-8CAA-FC0E87C0BC1C}.Release|x86.ActiveCfg = Release|Any CPU
		{1C037B7D-3706-4D32-8CAA-FC0E87C0BC1C}.Release|x86.Build.0 = Release|Any CPU
		{207139C0-39D9-4299-917C-169BB0D8D52E}.Debug|Any CPU.ActiveCfg = Debug|Any CPU
		{207139C0-39D9-4299-917C-169BB0D8D52E}.Debug|Any CPU.Build.0 = Debug|Any CPU
		{207139C0-39D9-4299-917C-169BB0D8D52E}.Debug|x64.ActiveCfg = Debug|Any CPU
		{207139C0-39D9-4299-917C-169BB0D8D52E}.Debug|x64.Build.0 = Debug|Any CPU
		{207139C0-39D9-4299-917C-169BB0D8D52E}.Debug|x86.ActiveCfg = Debug|Any CPU
		{207139C0-39D9-4299-917C-169BB0D8D52E}.Debug|x86.Build.0 = Debug|Any CPU
		{207139C0-39D9-4299-917C-169BB0D8D52E}.Release|Any CPU.ActiveCfg = Release|Any CPU
		{207139C0-39D9-4299-917C-169BB0D8D52E}.Release|Any CPU.Build.0 = Release|Any CPU
		{207139C0-39D9-4299-917C-169BB0D8D52E}.Release|x64.ActiveCfg = Release|Any CPU
		{207139C0-39D9-4299-917C-169BB0D8D52E}.Release|x64.Build.0 = Release|Any CPU
		{207139C0-39D9-4299-917C-169BB0D8D52E}.Release|x86.ActiveCfg = Release|Any CPU
		{207139C0-39D9-4299-917C-169BB0D8D52E}.Release|x86.Build.0 = Release|Any CPU
		{4B64DCC8-3432-4D14-A2EA-1F5A2976EB90}.Debug|Any CPU.ActiveCfg = Debug|Any CPU
		{4B64DCC8-3432-4D14-A2EA-1F5A2976EB90}.Debug|Any CPU.Build.0 = Debug|Any CPU
		{4B64DCC8-3432-4D14-A2EA-1F5A2976EB90}.Debug|x64.ActiveCfg = Debug|Any CPU
		{4B64DCC8-3432-4D14-A2EA-1F5A2976EB90}.Debug|x64.Build.0 = Debug|Any CPU
		{4B64DCC8-3432-4D14-A2EA-1F5A2976EB90}.Debug|x86.ActiveCfg = Debug|Any CPU
		{4B64DCC8-3432-4D14-A2EA-1F5A2976EB90}.Debug|x86.Build.0 = Debug|Any CPU
		{4B64DCC8-3432-4D14-A2EA-1F5A2976EB90}.Release|Any CPU.ActiveCfg = Release|Any CPU
		{4B64DCC8-3432-4D14-A2EA-1F5A2976EB90}.Release|Any CPU.Build.0 = Release|Any CPU
		{4B64DCC8-3432-4D14-A2EA-1F5A2976EB90}.Release|x64.ActiveCfg = Release|Any CPU
		{4B64DCC8-3432-4D14-A2EA-1F5A2976EB90}.Release|x64.Build.0 = Release|Any CPU
		{4B64DCC8-3432-4D14-A2EA-1F5A2976EB90}.Release|x86.ActiveCfg = Release|Any CPU
		{4B64DCC8-3432-4D14-A2EA-1F5A2976EB90}.Release|x86.Build.0 = Release|Any CPU
		{35CCE270-F3B5-48F7-9FCE-D1BC64B42BD4}.Debug|Any CPU.ActiveCfg = Debug|Any CPU
		{35CCE270-F3B5-48F7-9FCE-D1BC64B42BD4}.Debug|Any CPU.Build.0 = Debug|Any CPU
		{35CCE270-F3B5-48F7-9FCE-D1BC64B42BD4}.Debug|x64.ActiveCfg = Debug|Any CPU
		{35CCE270-F3B5-48F7-9FCE-D1BC64B42BD4}.Debug|x64.Build.0 = Debug|Any CPU
		{35CCE270-F3B5-48F7-9FCE-D1BC64B42BD4}.Debug|x86.ActiveCfg = Debug|Any CPU
		{35CCE270-F3B5-48F7-9FCE-D1BC64B42BD4}.Debug|x86.Build.0 = Debug|Any CPU
		{35CCE270-F3B5-48F7-9FCE-D1BC64B42BD4}.Release|Any CPU.ActiveCfg = Release|Any CPU
		{35CCE270-F3B5-48F7-9FCE-D1BC64B42BD4}.Release|Any CPU.Build.0 = Release|Any CPU
		{35CCE270-F3B5-48F7-9FCE-D1BC64B42BD4}.Release|x64.ActiveCfg = Release|Any CPU
		{35CCE270-F3B5-48F7-9FCE-D1BC64B42BD4}.Release|x64.Build.0 = Release|Any CPU
		{35CCE270-F3B5-48F7-9FCE-D1BC64B42BD4}.Release|x86.ActiveCfg = Release|Any CPU
		{35CCE270-F3B5-48F7-9FCE-D1BC64B42BD4}.Release|x86.Build.0 = Release|Any CPU
		{647AD89F-2681-482E-A951-D194A99B7B52}.Debug|Any CPU.ActiveCfg = Debug|Any CPU
		{647AD89F-2681-482E-A951-D194A99B7B52}.Debug|Any CPU.Build.0 = Debug|Any CPU
		{647AD89F-2681-482E-A951-D194A99B7B52}.Debug|x64.ActiveCfg = Debug|Any CPU
		{647AD89F-2681-482E-A951-D194A99B7B52}.Debug|x64.Build.0 = Debug|Any CPU
		{647AD89F-2681-482E-A951-D194A99B7B52}.Debug|x86.ActiveCfg = Debug|Any CPU
		{647AD89F-2681-482E-A951-D194A99B7B52}.Debug|x86.Build.0 = Debug|Any CPU
		{647AD89F-2681-482E-A951-D194A99B7B52}.Release|Any CPU.ActiveCfg = Release|Any CPU
		{647AD89F-2681-482E-A951-D194A99B7B52}.Release|Any CPU.Build.0 = Release|Any CPU
		{647AD89F-2681-482E-A951-D194A99B7B52}.Release|x64.ActiveCfg = Release|Any CPU
		{647AD89F-2681-482E-A951-D194A99B7B52}.Release|x64.Build.0 = Release|Any CPU
		{647AD89F-2681-482E-A951-D194A99B7B52}.Release|x86.ActiveCfg = Release|Any CPU
		{647AD89F-2681-482E-A951-D194A99B7B52}.Release|x86.Build.0 = Release|Any CPU
		{0D9D793F-116A-4F26-AF86-BED769DBB034}.Debug|Any CPU.ActiveCfg = Debug|Any CPU
		{0D9D793F-116A-4F26-AF86-BED769DBB034}.Debug|Any CPU.Build.0 = Debug|Any CPU
		{0D9D793F-116A-4F26-AF86-BED769DBB034}.Debug|x64.ActiveCfg = Debug|Any CPU
		{0D9D793F-116A-4F26-AF86-BED769DBB034}.Debug|x64.Build.0 = Debug|Any CPU
		{0D9D793F-116A-4F26-AF86-BED769DBB034}.Debug|x86.ActiveCfg = Debug|Any CPU
		{0D9D793F-116A-4F26-AF86-BED769DBB034}.Debug|x86.Build.0 = Debug|Any CPU
		{0D9D793F-116A-4F26-AF86-BED769DBB034}.Release|Any CPU.ActiveCfg = Release|Any CPU
		{0D9D793F-116A-4F26-AF86-BED769DBB034}.Release|Any CPU.Build.0 = Release|Any CPU
		{0D9D793F-116A-4F26-AF86-BED769DBB034}.Release|x64.ActiveCfg = Release|Any CPU
		{0D9D793F-116A-4F26-AF86-BED769DBB034}.Release|x64.Build.0 = Release|Any CPU
		{0D9D793F-116A-4F26-AF86-BED769DBB034}.Release|x86.ActiveCfg = Release|Any CPU
		{0D9D793F-116A-4F26-AF86-BED769DBB034}.Release|x86.Build.0 = Release|Any CPU
		{45024107-54E1-42F2-9366-3089A6A1E802}.Debug|Any CPU.ActiveCfg = Debug|Any CPU
		{45024107-54E1-42F2-9366-3089A6A1E802}.Debug|Any CPU.Build.0 = Debug|Any CPU
		{45024107-54E1-42F2-9366-3089A6A1E802}.Debug|x64.ActiveCfg = Debug|Any CPU
		{45024107-54E1-42F2-9366-3089A6A1E802}.Debug|x64.Build.0 = Debug|Any CPU
		{45024107-54E1-42F2-9366-3089A6A1E802}.Debug|x86.ActiveCfg = Debug|Any CPU
		{45024107-54E1-42F2-9366-3089A6A1E802}.Debug|x86.Build.0 = Debug|Any CPU
		{45024107-54E1-42F2-9366-3089A6A1E802}.Release|Any CPU.ActiveCfg = Release|Any CPU
		{45024107-54E1-42F2-9366-3089A6A1E802}.Release|Any CPU.Build.0 = Release|Any CPU
		{45024107-54E1-42F2-9366-3089A6A1E802}.Release|x64.ActiveCfg = Release|Any CPU
		{45024107-54E1-42F2-9366-3089A6A1E802}.Release|x64.Build.0 = Release|Any CPU
		{45024107-54E1-42F2-9366-3089A6A1E802}.Release|x86.ActiveCfg = Release|Any CPU
		{45024107-54E1-42F2-9366-3089A6A1E802}.Release|x86.Build.0 = Release|Any CPU
		{683D1E60-DD9B-451E-8D89-B28ACA219253}.Debug|Any CPU.ActiveCfg = Debug|Any CPU
		{683D1E60-DD9B-451E-8D89-B28ACA219253}.Debug|Any CPU.Build.0 = Debug|Any CPU
		{683D1E60-DD9B-451E-8D89-B28ACA219253}.Debug|x64.ActiveCfg = Debug|Any CPU
		{683D1E60-DD9B-451E-8D89-B28ACA219253}.Debug|x64.Build.0 = Debug|Any CPU
		{683D1E60-DD9B-451E-8D89-B28ACA219253}.Debug|x86.ActiveCfg = Debug|Any CPU
		{683D1E60-DD9B-451E-8D89-B28ACA219253}.Debug|x86.Build.0 = Debug|Any CPU
		{683D1E60-DD9B-451E-8D89-B28ACA219253}.Release|Any CPU.ActiveCfg = Release|Any CPU
		{683D1E60-DD9B-451E-8D89-B28ACA219253}.Release|Any CPU.Build.0 = Release|Any CPU
		{683D1E60-DD9B-451E-8D89-B28ACA219253}.Release|x64.ActiveCfg = Release|Any CPU
		{683D1E60-DD9B-451E-8D89-B28ACA219253}.Release|x64.Build.0 = Release|Any CPU
		{683D1E60-DD9B-451E-8D89-B28ACA219253}.Release|x86.ActiveCfg = Release|Any CPU
		{683D1E60-DD9B-451E-8D89-B28ACA219253}.Release|x86.Build.0 = Release|Any CPU
		{30887A0C-1CDB-4A1A-A569-2181BB3EE565}.Debug|Any CPU.ActiveCfg = Debug|Any CPU
		{30887A0C-1CDB-4A1A-A569-2181BB3EE565}.Debug|Any CPU.Build.0 = Debug|Any CPU
		{30887A0C-1CDB-4A1A-A569-2181BB3EE565}.Debug|x64.ActiveCfg = Debug|Any CPU
		{30887A0C-1CDB-4A1A-A569-2181BB3EE565}.Debug|x64.Build.0 = Debug|Any CPU
		{30887A0C-1CDB-4A1A-A569-2181BB3EE565}.Debug|x86.ActiveCfg = Debug|Any CPU
		{30887A0C-1CDB-4A1A-A569-2181BB3EE565}.Debug|x86.Build.0 = Debug|Any CPU
		{30887A0C-1CDB-4A1A-A569-2181BB3EE565}.Release|Any CPU.ActiveCfg = Release|Any CPU
		{30887A0C-1CDB-4A1A-A569-2181BB3EE565}.Release|Any CPU.Build.0 = Release|Any CPU
		{30887A0C-1CDB-4A1A-A569-2181BB3EE565}.Release|x64.ActiveCfg = Release|Any CPU
		{30887A0C-1CDB-4A1A-A569-2181BB3EE565}.Release|x64.Build.0 = Release|Any CPU
		{30887A0C-1CDB-4A1A-A569-2181BB3EE565}.Release|x86.ActiveCfg = Release|Any CPU
		{30887A0C-1CDB-4A1A-A569-2181BB3EE565}.Release|x86.Build.0 = Release|Any CPU
		{6DF8321A-3936-4EB1-8694-78293BCCB0E5}.Debug|Any CPU.ActiveCfg = Debug|Any CPU
		{6DF8321A-3936-4EB1-8694-78293BCCB0E5}.Debug|Any CPU.Build.0 = Debug|Any CPU
		{6DF8321A-3936-4EB1-8694-78293BCCB0E5}.Debug|x64.ActiveCfg = Debug|Any CPU
		{6DF8321A-3936-4EB1-8694-78293BCCB0E5}.Debug|x64.Build.0 = Debug|Any CPU
		{6DF8321A-3936-4EB1-8694-78293BCCB0E5}.Debug|x86.ActiveCfg = Debug|Any CPU
		{6DF8321A-3936-4EB1-8694-78293BCCB0E5}.Debug|x86.Build.0 = Debug|Any CPU
		{6DF8321A-3936-4EB1-8694-78293BCCB0E5}.Release|Any CPU.ActiveCfg = Release|Any CPU
		{6DF8321A-3936-4EB1-8694-78293BCCB0E5}.Release|Any CPU.Build.0 = Release|Any CPU
		{6DF8321A-3936-4EB1-8694-78293BCCB0E5}.Release|x64.ActiveCfg = Release|Any CPU
		{6DF8321A-3936-4EB1-8694-78293BCCB0E5}.Release|x64.Build.0 = Release|Any CPU
		{6DF8321A-3936-4EB1-8694-78293BCCB0E5}.Release|x86.ActiveCfg = Release|Any CPU
		{6DF8321A-3936-4EB1-8694-78293BCCB0E5}.Release|x86.Build.0 = Release|Any CPU
		{E906BC3A-EE46-40F9-83CA-603B8D9B4E9C}.Debug|Any CPU.ActiveCfg = Debug|Any CPU
		{E906BC3A-EE46-40F9-83CA-603B8D9B4E9C}.Debug|Any CPU.Build.0 = Debug|Any CPU
		{E906BC3A-EE46-40F9-83CA-603B8D9B4E9C}.Debug|x64.ActiveCfg = Debug|Any CPU
		{E906BC3A-EE46-40F9-83CA-603B8D9B4E9C}.Debug|x64.Build.0 = Debug|Any CPU
		{E906BC3A-EE46-40F9-83CA-603B8D9B4E9C}.Debug|x86.ActiveCfg = Debug|Any CPU
		{E906BC3A-EE46-40F9-83CA-603B8D9B4E9C}.Debug|x86.Build.0 = Debug|Any CPU
		{E906BC3A-EE46-40F9-83CA-603B8D9B4E9C}.Release|Any CPU.ActiveCfg = Release|Any CPU
		{E906BC3A-EE46-40F9-83CA-603B8D9B4E9C}.Release|Any CPU.Build.0 = Release|Any CPU
		{E906BC3A-EE46-40F9-83CA-603B8D9B4E9C}.Release|x64.ActiveCfg = Release|Any CPU
		{E906BC3A-EE46-40F9-83CA-603B8D9B4E9C}.Release|x64.Build.0 = Release|Any CPU
		{E906BC3A-EE46-40F9-83CA-603B8D9B4E9C}.Release|x86.ActiveCfg = Release|Any CPU
		{E906BC3A-EE46-40F9-83CA-603B8D9B4E9C}.Release|x86.Build.0 = Release|Any CPU
		{1343C79F-8242-44CD-B6AE-4E2B12555CA2}.Debug|Any CPU.ActiveCfg = Debug|Any CPU
		{1343C79F-8242-44CD-B6AE-4E2B12555CA2}.Debug|Any CPU.Build.0 = Debug|Any CPU
		{1343C79F-8242-44CD-B6AE-4E2B12555CA2}.Debug|x64.ActiveCfg = Debug|Any CPU
		{1343C79F-8242-44CD-B6AE-4E2B12555CA2}.Debug|x64.Build.0 = Debug|Any CPU
		{1343C79F-8242-44CD-B6AE-4E2B12555CA2}.Debug|x86.ActiveCfg = Debug|Any CPU
		{1343C79F-8242-44CD-B6AE-4E2B12555CA2}.Debug|x86.Build.0 = Debug|Any CPU
		{1343C79F-8242-44CD-B6AE-4E2B12555CA2}.Release|Any CPU.ActiveCfg = Release|Any CPU
		{1343C79F-8242-44CD-B6AE-4E2B12555CA2}.Release|Any CPU.Build.0 = Release|Any CPU
		{1343C79F-8242-44CD-B6AE-4E2B12555CA2}.Release|x64.ActiveCfg = Release|Any CPU
		{1343C79F-8242-44CD-B6AE-4E2B12555CA2}.Release|x64.Build.0 = Release|Any CPU
		{1343C79F-8242-44CD-B6AE-4E2B12555CA2}.Release|x86.ActiveCfg = Release|Any CPU
		{1343C79F-8242-44CD-B6AE-4E2B12555CA2}.Release|x86.Build.0 = Release|Any CPU
		{D952C218-50D1-4F01-B0CD-7B7BD2FBF63D}.Debug|Any CPU.ActiveCfg = Debug|Any CPU
		{D952C218-50D1-4F01-B0CD-7B7BD2FBF63D}.Debug|Any CPU.Build.0 = Debug|Any CPU
		{D952C218-50D1-4F01-B0CD-7B7BD2FBF63D}.Debug|x64.ActiveCfg = Debug|Any CPU
		{D952C218-50D1-4F01-B0CD-7B7BD2FBF63D}.Debug|x64.Build.0 = Debug|Any CPU
		{D952C218-50D1-4F01-B0CD-7B7BD2FBF63D}.Debug|x86.ActiveCfg = Debug|Any CPU
		{D952C218-50D1-4F01-B0CD-7B7BD2FBF63D}.Debug|x86.Build.0 = Debug|Any CPU
		{D952C218-50D1-4F01-B0CD-7B7BD2FBF63D}.Release|Any CPU.ActiveCfg = Release|Any CPU
		{D952C218-50D1-4F01-B0CD-7B7BD2FBF63D}.Release|Any CPU.Build.0 = Release|Any CPU
		{D952C218-50D1-4F01-B0CD-7B7BD2FBF63D}.Release|x64.ActiveCfg = Release|Any CPU
		{D952C218-50D1-4F01-B0CD-7B7BD2FBF63D}.Release|x64.Build.0 = Release|Any CPU
		{D952C218-50D1-4F01-B0CD-7B7BD2FBF63D}.Release|x86.ActiveCfg = Release|Any CPU
		{D952C218-50D1-4F01-B0CD-7B7BD2FBF63D}.Release|x86.Build.0 = Release|Any CPU
		{F5E8AE4F-01F5-4385-B028-56AC3CD1E2D5}.Debug|Any CPU.ActiveCfg = Debug|Any CPU
		{F5E8AE4F-01F5-4385-B028-56AC3CD1E2D5}.Debug|Any CPU.Build.0 = Debug|Any CPU
		{F5E8AE4F-01F5-4385-B028-56AC3CD1E2D5}.Debug|x64.ActiveCfg = Debug|Any CPU
		{F5E8AE4F-01F5-4385-B028-56AC3CD1E2D5}.Debug|x64.Build.0 = Debug|Any CPU
		{F5E8AE4F-01F5-4385-B028-56AC3CD1E2D5}.Debug|x86.ActiveCfg = Debug|Any CPU
		{F5E8AE4F-01F5-4385-B028-56AC3CD1E2D5}.Debug|x86.Build.0 = Debug|Any CPU
		{F5E8AE4F-01F5-4385-B028-56AC3CD1E2D5}.Release|Any CPU.ActiveCfg = Release|Any CPU
		{F5E8AE4F-01F5-4385-B028-56AC3CD1E2D5}.Release|Any CPU.Build.0 = Release|Any CPU
		{F5E8AE4F-01F5-4385-B028-56AC3CD1E2D5}.Release|x64.ActiveCfg = Release|Any CPU
		{F5E8AE4F-01F5-4385-B028-56AC3CD1E2D5}.Release|x64.Build.0 = Release|Any CPU
		{F5E8AE4F-01F5-4385-B028-56AC3CD1E2D5}.Release|x86.ActiveCfg = Release|Any CPU
		{F5E8AE4F-01F5-4385-B028-56AC3CD1E2D5}.Release|x86.Build.0 = Release|Any CPU
		{E95476E2-4583-4676-AA7F-11B4A03E467A}.Debug|Any CPU.ActiveCfg = Debug|Any CPU
		{E95476E2-4583-4676-AA7F-11B4A03E467A}.Debug|Any CPU.Build.0 = Debug|Any CPU
		{E95476E2-4583-4676-AA7F-11B4A03E467A}.Debug|x64.ActiveCfg = Debug|Any CPU
		{E95476E2-4583-4676-AA7F-11B4A03E467A}.Debug|x64.Build.0 = Debug|Any CPU
		{E95476E2-4583-4676-AA7F-11B4A03E467A}.Debug|x86.ActiveCfg = Debug|Any CPU
		{E95476E2-4583-4676-AA7F-11B4A03E467A}.Debug|x86.Build.0 = Debug|Any CPU
		{E95476E2-4583-4676-AA7F-11B4A03E467A}.Release|Any CPU.ActiveCfg = Release|Any CPU
		{E95476E2-4583-4676-AA7F-11B4A03E467A}.Release|Any CPU.Build.0 = Release|Any CPU
		{E95476E2-4583-4676-AA7F-11B4A03E467A}.Release|x64.ActiveCfg = Release|Any CPU
		{E95476E2-4583-4676-AA7F-11B4A03E467A}.Release|x64.Build.0 = Release|Any CPU
		{E95476E2-4583-4676-AA7F-11B4A03E467A}.Release|x86.ActiveCfg = Release|Any CPU
		{E95476E2-4583-4676-AA7F-11B4A03E467A}.Release|x86.Build.0 = Release|Any CPU
		{91BF9ACC-9C82-4D3A-8458-E963C3BED1DB}.Debug|Any CPU.ActiveCfg = Debug|Any CPU
		{91BF9ACC-9C82-4D3A-8458-E963C3BED1DB}.Debug|Any CPU.Build.0 = Debug|Any CPU
		{91BF9ACC-9C82-4D3A-8458-E963C3BED1DB}.Debug|x64.ActiveCfg = Debug|Any CPU
		{91BF9ACC-9C82-4D3A-8458-E963C3BED1DB}.Debug|x64.Build.0 = Debug|Any CPU
		{91BF9ACC-9C82-4D3A-8458-E963C3BED1DB}.Debug|x86.ActiveCfg = Debug|Any CPU
		{91BF9ACC-9C82-4D3A-8458-E963C3BED1DB}.Debug|x86.Build.0 = Debug|Any CPU
		{91BF9ACC-9C82-4D3A-8458-E963C3BED1DB}.Release|Any CPU.ActiveCfg = Release|Any CPU
		{91BF9ACC-9C82-4D3A-8458-E963C3BED1DB}.Release|Any CPU.Build.0 = Release|Any CPU
		{91BF9ACC-9C82-4D3A-8458-E963C3BED1DB}.Release|x64.ActiveCfg = Release|Any CPU
		{91BF9ACC-9C82-4D3A-8458-E963C3BED1DB}.Release|x64.Build.0 = Release|Any CPU
		{91BF9ACC-9C82-4D3A-8458-E963C3BED1DB}.Release|x86.ActiveCfg = Release|Any CPU
		{91BF9ACC-9C82-4D3A-8458-E963C3BED1DB}.Release|x86.Build.0 = Release|Any CPU
		{4F0726BB-4B3A-4D7C-B24F-9DB9F66AA14A}.Debug|Any CPU.ActiveCfg = Debug|Any CPU
		{4F0726BB-4B3A-4D7C-B24F-9DB9F66AA14A}.Debug|Any CPU.Build.0 = Debug|Any CPU
		{4F0726BB-4B3A-4D7C-B24F-9DB9F66AA14A}.Debug|x64.ActiveCfg = Debug|Any CPU
		{4F0726BB-4B3A-4D7C-B24F-9DB9F66AA14A}.Debug|x64.Build.0 = Debug|Any CPU
		{4F0726BB-4B3A-4D7C-B24F-9DB9F66AA14A}.Debug|x86.ActiveCfg = Debug|Any CPU
		{4F0726BB-4B3A-4D7C-B24F-9DB9F66AA14A}.Debug|x86.Build.0 = Debug|Any CPU
		{4F0726BB-4B3A-4D7C-B24F-9DB9F66AA14A}.Release|Any CPU.ActiveCfg = Release|Any CPU
		{4F0726BB-4B3A-4D7C-B24F-9DB9F66AA14A}.Release|Any CPU.Build.0 = Release|Any CPU
		{4F0726BB-4B3A-4D7C-B24F-9DB9F66AA14A}.Release|x64.ActiveCfg = Release|Any CPU
		{4F0726BB-4B3A-4D7C-B24F-9DB9F66AA14A}.Release|x64.Build.0 = Release|Any CPU
		{4F0726BB-4B3A-4D7C-B24F-9DB9F66AA14A}.Release|x86.ActiveCfg = Release|Any CPU
		{4F0726BB-4B3A-4D7C-B24F-9DB9F66AA14A}.Release|x86.Build.0 = Release|Any CPU
		{F500DCCB-1A84-4150-9853-43EE16CF2E97}.Debug|Any CPU.ActiveCfg = Debug|Any CPU
		{F500DCCB-1A84-4150-9853-43EE16CF2E97}.Debug|Any CPU.Build.0 = Debug|Any CPU
		{F500DCCB-1A84-4150-9853-43EE16CF2E97}.Debug|x64.ActiveCfg = Debug|Any CPU
		{F500DCCB-1A84-4150-9853-43EE16CF2E97}.Debug|x64.Build.0 = Debug|Any CPU
		{F500DCCB-1A84-4150-9853-43EE16CF2E97}.Debug|x86.ActiveCfg = Debug|Any CPU
		{F500DCCB-1A84-4150-9853-43EE16CF2E97}.Debug|x86.Build.0 = Debug|Any CPU
		{F500DCCB-1A84-4150-9853-43EE16CF2E97}.Release|Any CPU.ActiveCfg = Release|Any CPU
		{F500DCCB-1A84-4150-9853-43EE16CF2E97}.Release|Any CPU.Build.0 = Release|Any CPU
		{F500DCCB-1A84-4150-9853-43EE16CF2E97}.Release|x64.ActiveCfg = Release|Any CPU
		{F500DCCB-1A84-4150-9853-43EE16CF2E97}.Release|x64.Build.0 = Release|Any CPU
		{F500DCCB-1A84-4150-9853-43EE16CF2E97}.Release|x86.ActiveCfg = Release|Any CPU
		{F500DCCB-1A84-4150-9853-43EE16CF2E97}.Release|x86.Build.0 = Release|Any CPU
		{AD42135A-0F24-4DE7-AF85-E7CFC44F6065}.Debug|Any CPU.ActiveCfg = Debug|Any CPU
		{AD42135A-0F24-4DE7-AF85-E7CFC44F6065}.Debug|Any CPU.Build.0 = Debug|Any CPU
		{AD42135A-0F24-4DE7-AF85-E7CFC44F6065}.Debug|x64.ActiveCfg = Debug|Any CPU
		{AD42135A-0F24-4DE7-AF85-E7CFC44F6065}.Debug|x64.Build.0 = Debug|Any CPU
		{AD42135A-0F24-4DE7-AF85-E7CFC44F6065}.Debug|x86.ActiveCfg = Debug|Any CPU
		{AD42135A-0F24-4DE7-AF85-E7CFC44F6065}.Debug|x86.Build.0 = Debug|Any CPU
		{AD42135A-0F24-4DE7-AF85-E7CFC44F6065}.Release|Any CPU.ActiveCfg = Release|Any CPU
		{AD42135A-0F24-4DE7-AF85-E7CFC44F6065}.Release|Any CPU.Build.0 = Release|Any CPU
		{AD42135A-0F24-4DE7-AF85-E7CFC44F6065}.Release|x64.ActiveCfg = Release|Any CPU
		{AD42135A-0F24-4DE7-AF85-E7CFC44F6065}.Release|x64.Build.0 = Release|Any CPU
		{AD42135A-0F24-4DE7-AF85-E7CFC44F6065}.Release|x86.ActiveCfg = Release|Any CPU
		{AD42135A-0F24-4DE7-AF85-E7CFC44F6065}.Release|x86.Build.0 = Release|Any CPU
		{F88AE4F4-8574-4C67-8635-3A494C0CEC82}.Debug|Any CPU.ActiveCfg = Debug|Any CPU
		{F88AE4F4-8574-4C67-8635-3A494C0CEC82}.Debug|Any CPU.Build.0 = Debug|Any CPU
		{F88AE4F4-8574-4C67-8635-3A494C0CEC82}.Debug|x64.ActiveCfg = Debug|Any CPU
		{F88AE4F4-8574-4C67-8635-3A494C0CEC82}.Debug|x64.Build.0 = Debug|Any CPU
		{F88AE4F4-8574-4C67-8635-3A494C0CEC82}.Debug|x86.ActiveCfg = Debug|Any CPU
		{F88AE4F4-8574-4C67-8635-3A494C0CEC82}.Debug|x86.Build.0 = Debug|Any CPU
		{F88AE4F4-8574-4C67-8635-3A494C0CEC82}.Release|Any CPU.ActiveCfg = Release|Any CPU
		{F88AE4F4-8574-4C67-8635-3A494C0CEC82}.Release|Any CPU.Build.0 = Release|Any CPU
		{F88AE4F4-8574-4C67-8635-3A494C0CEC82}.Release|x64.ActiveCfg = Release|Any CPU
		{F88AE4F4-8574-4C67-8635-3A494C0CEC82}.Release|x64.Build.0 = Release|Any CPU
		{F88AE4F4-8574-4C67-8635-3A494C0CEC82}.Release|x86.ActiveCfg = Release|Any CPU
		{F88AE4F4-8574-4C67-8635-3A494C0CEC82}.Release|x86.Build.0 = Release|Any CPU
		{E3206A43-D5BB-4724-9866-B21452C922DD}.Debug|Any CPU.ActiveCfg = Debug|Any CPU
		{E3206A43-D5BB-4724-9866-B21452C922DD}.Debug|Any CPU.Build.0 = Debug|Any CPU
		{E3206A43-D5BB-4724-9866-B21452C922DD}.Debug|x64.ActiveCfg = Debug|Any CPU
		{E3206A43-D5BB-4724-9866-B21452C922DD}.Debug|x64.Build.0 = Debug|Any CPU
		{E3206A43-D5BB-4724-9866-B21452C922DD}.Debug|x86.ActiveCfg = Debug|Any CPU
		{E3206A43-D5BB-4724-9866-B21452C922DD}.Debug|x86.Build.0 = Debug|Any CPU
		{E3206A43-D5BB-4724-9866-B21452C922DD}.Release|Any CPU.ActiveCfg = Release|Any CPU
		{E3206A43-D5BB-4724-9866-B21452C922DD}.Release|Any CPU.Build.0 = Release|Any CPU
		{E3206A43-D5BB-4724-9866-B21452C922DD}.Release|x64.ActiveCfg = Release|Any CPU
		{E3206A43-D5BB-4724-9866-B21452C922DD}.Release|x64.Build.0 = Release|Any CPU
		{E3206A43-D5BB-4724-9866-B21452C922DD}.Release|x86.ActiveCfg = Release|Any CPU
		{E3206A43-D5BB-4724-9866-B21452C922DD}.Release|x86.Build.0 = Release|Any CPU
		{C174B42E-E21E-48CF-9F21-77D3CB2DE848}.Debug|Any CPU.ActiveCfg = Debug|Any CPU
		{C174B42E-E21E-48CF-9F21-77D3CB2DE848}.Debug|Any CPU.Build.0 = Debug|Any CPU
		{C174B42E-E21E-48CF-9F21-77D3CB2DE848}.Debug|x64.ActiveCfg = Debug|Any CPU
		{C174B42E-E21E-48CF-9F21-77D3CB2DE848}.Debug|x64.Build.0 = Debug|Any CPU
		{C174B42E-E21E-48CF-9F21-77D3CB2DE848}.Debug|x86.ActiveCfg = Debug|Any CPU
		{C174B42E-E21E-48CF-9F21-77D3CB2DE848}.Debug|x86.Build.0 = Debug|Any CPU
		{C174B42E-E21E-48CF-9F21-77D3CB2DE848}.Release|Any CPU.ActiveCfg = Release|Any CPU
		{C174B42E-E21E-48CF-9F21-77D3CB2DE848}.Release|Any CPU.Build.0 = Release|Any CPU
		{C174B42E-E21E-48CF-9F21-77D3CB2DE848}.Release|x64.ActiveCfg = Release|Any CPU
		{C174B42E-E21E-48CF-9F21-77D3CB2DE848}.Release|x64.Build.0 = Release|Any CPU
		{C174B42E-E21E-48CF-9F21-77D3CB2DE848}.Release|x86.ActiveCfg = Release|Any CPU
		{C174B42E-E21E-48CF-9F21-77D3CB2DE848}.Release|x86.Build.0 = Release|Any CPU
		{9EFE7908-3C85-4D2B-BCD4-F99128275566}.Debug|Any CPU.ActiveCfg = Debug|Any CPU
		{9EFE7908-3C85-4D2B-BCD4-F99128275566}.Debug|Any CPU.Build.0 = Debug|Any CPU
		{9EFE7908-3C85-4D2B-BCD4-F99128275566}.Debug|x64.ActiveCfg = Debug|Any CPU
		{9EFE7908-3C85-4D2B-BCD4-F99128275566}.Debug|x64.Build.0 = Debug|Any CPU
		{9EFE7908-3C85-4D2B-BCD4-F99128275566}.Debug|x86.ActiveCfg = Debug|Any CPU
		{9EFE7908-3C85-4D2B-BCD4-F99128275566}.Debug|x86.Build.0 = Debug|Any CPU
		{9EFE7908-3C85-4D2B-BCD4-F99128275566}.Release|Any CPU.ActiveCfg = Release|Any CPU
		{9EFE7908-3C85-4D2B-BCD4-F99128275566}.Release|Any CPU.Build.0 = Release|Any CPU
		{9EFE7908-3C85-4D2B-BCD4-F99128275566}.Release|x64.ActiveCfg = Release|Any CPU
		{9EFE7908-3C85-4D2B-BCD4-F99128275566}.Release|x64.Build.0 = Release|Any CPU
		{9EFE7908-3C85-4D2B-BCD4-F99128275566}.Release|x86.ActiveCfg = Release|Any CPU
		{9EFE7908-3C85-4D2B-BCD4-F99128275566}.Release|x86.Build.0 = Release|Any CPU
		{71A7DF35-EA5D-4176-945A-BD7978734848}.Debug|Any CPU.ActiveCfg = Debug|Any CPU
		{71A7DF35-EA5D-4176-945A-BD7978734848}.Debug|Any CPU.Build.0 = Debug|Any CPU
		{71A7DF35-EA5D-4176-945A-BD7978734848}.Debug|x64.ActiveCfg = Debug|Any CPU
		{71A7DF35-EA5D-4176-945A-BD7978734848}.Debug|x64.Build.0 = Debug|Any CPU
		{71A7DF35-EA5D-4176-945A-BD7978734848}.Debug|x86.ActiveCfg = Debug|Any CPU
		{71A7DF35-EA5D-4176-945A-BD7978734848}.Debug|x86.Build.0 = Debug|Any CPU
		{71A7DF35-EA5D-4176-945A-BD7978734848}.Release|Any CPU.ActiveCfg = Release|Any CPU
		{71A7DF35-EA5D-4176-945A-BD7978734848}.Release|Any CPU.Build.0 = Release|Any CPU
		{71A7DF35-EA5D-4176-945A-BD7978734848}.Release|x64.ActiveCfg = Release|Any CPU
		{71A7DF35-EA5D-4176-945A-BD7978734848}.Release|x64.Build.0 = Release|Any CPU
		{71A7DF35-EA5D-4176-945A-BD7978734848}.Release|x86.ActiveCfg = Release|Any CPU
		{71A7DF35-EA5D-4176-945A-BD7978734848}.Release|x86.Build.0 = Release|Any CPU
		{AA5D0F78-EF4F-476F-ADA9-2104AE369132}.Debug|Any CPU.ActiveCfg = Debug|Any CPU
		{AA5D0F78-EF4F-476F-ADA9-2104AE369132}.Debug|Any CPU.Build.0 = Debug|Any CPU
		{AA5D0F78-EF4F-476F-ADA9-2104AE369132}.Debug|x64.ActiveCfg = Debug|Any CPU
		{AA5D0F78-EF4F-476F-ADA9-2104AE369132}.Debug|x64.Build.0 = Debug|Any CPU
		{AA5D0F78-EF4F-476F-ADA9-2104AE369132}.Debug|x86.ActiveCfg = Debug|Any CPU
		{AA5D0F78-EF4F-476F-ADA9-2104AE369132}.Debug|x86.Build.0 = Debug|Any CPU
		{AA5D0F78-EF4F-476F-ADA9-2104AE369132}.Release|Any CPU.ActiveCfg = Release|Any CPU
		{AA5D0F78-EF4F-476F-ADA9-2104AE369132}.Release|Any CPU.Build.0 = Release|Any CPU
		{AA5D0F78-EF4F-476F-ADA9-2104AE369132}.Release|x64.ActiveCfg = Release|Any CPU
		{AA5D0F78-EF4F-476F-ADA9-2104AE369132}.Release|x64.Build.0 = Release|Any CPU
		{AA5D0F78-EF4F-476F-ADA9-2104AE369132}.Release|x86.ActiveCfg = Release|Any CPU
		{AA5D0F78-EF4F-476F-ADA9-2104AE369132}.Release|x86.Build.0 = Release|Any CPU
		{E8FEC356-CAB2-407C-AC40-E0A791246F5F}.Debug|Any CPU.ActiveCfg = Debug|Any CPU
		{E8FEC356-CAB2-407C-AC40-E0A791246F5F}.Debug|Any CPU.Build.0 = Debug|Any CPU
		{E8FEC356-CAB2-407C-AC40-E0A791246F5F}.Debug|x64.ActiveCfg = Debug|Any CPU
		{E8FEC356-CAB2-407C-AC40-E0A791246F5F}.Debug|x64.Build.0 = Debug|Any CPU
		{E8FEC356-CAB2-407C-AC40-E0A791246F5F}.Debug|x86.ActiveCfg = Debug|Any CPU
		{E8FEC356-CAB2-407C-AC40-E0A791246F5F}.Debug|x86.Build.0 = Debug|Any CPU
		{E8FEC356-CAB2-407C-AC40-E0A791246F5F}.Release|Any CPU.ActiveCfg = Release|Any CPU
		{E8FEC356-CAB2-407C-AC40-E0A791246F5F}.Release|Any CPU.Build.0 = Release|Any CPU
		{E8FEC356-CAB2-407C-AC40-E0A791246F5F}.Release|x64.ActiveCfg = Release|Any CPU
		{E8FEC356-CAB2-407C-AC40-E0A791246F5F}.Release|x64.Build.0 = Release|Any CPU
		{E8FEC356-CAB2-407C-AC40-E0A791246F5F}.Release|x86.ActiveCfg = Release|Any CPU
		{E8FEC356-CAB2-407C-AC40-E0A791246F5F}.Release|x86.Build.0 = Release|Any CPU
		{5BDC741B-3D17-4B79-84DD-AD9384C51A09}.Debug|Any CPU.ActiveCfg = Debug|Any CPU
		{5BDC741B-3D17-4B79-84DD-AD9384C51A09}.Debug|Any CPU.Build.0 = Debug|Any CPU
		{5BDC741B-3D17-4B79-84DD-AD9384C51A09}.Debug|x64.ActiveCfg = Debug|Any CPU
		{5BDC741B-3D17-4B79-84DD-AD9384C51A09}.Debug|x64.Build.0 = Debug|Any CPU
		{5BDC741B-3D17-4B79-84DD-AD9384C51A09}.Debug|x86.ActiveCfg = Debug|Any CPU
		{5BDC741B-3D17-4B79-84DD-AD9384C51A09}.Debug|x86.Build.0 = Debug|Any CPU
		{5BDC741B-3D17-4B79-84DD-AD9384C51A09}.Release|Any CPU.ActiveCfg = Release|Any CPU
		{5BDC741B-3D17-4B79-84DD-AD9384C51A09}.Release|Any CPU.Build.0 = Release|Any CPU
		{5BDC741B-3D17-4B79-84DD-AD9384C51A09}.Release|x64.ActiveCfg = Release|Any CPU
		{5BDC741B-3D17-4B79-84DD-AD9384C51A09}.Release|x64.Build.0 = Release|Any CPU
		{5BDC741B-3D17-4B79-84DD-AD9384C51A09}.Release|x86.ActiveCfg = Release|Any CPU
		{5BDC741B-3D17-4B79-84DD-AD9384C51A09}.Release|x86.Build.0 = Release|Any CPU
		{C5AC713D-918F-4D26-B24D-F3E6565E1060}.Debug|Any CPU.ActiveCfg = Debug|Any CPU
		{C5AC713D-918F-4D26-B24D-F3E6565E1060}.Debug|Any CPU.Build.0 = Debug|Any CPU
		{C5AC713D-918F-4D26-B24D-F3E6565E1060}.Debug|x64.ActiveCfg = Debug|Any CPU
		{C5AC713D-918F-4D26-B24D-F3E6565E1060}.Debug|x64.Build.0 = Debug|Any CPU
		{C5AC713D-918F-4D26-B24D-F3E6565E1060}.Debug|x86.ActiveCfg = Debug|Any CPU
		{C5AC713D-918F-4D26-B24D-F3E6565E1060}.Debug|x86.Build.0 = Debug|Any CPU
		{C5AC713D-918F-4D26-B24D-F3E6565E1060}.Release|Any CPU.ActiveCfg = Release|Any CPU
		{C5AC713D-918F-4D26-B24D-F3E6565E1060}.Release|Any CPU.Build.0 = Release|Any CPU
		{C5AC713D-918F-4D26-B24D-F3E6565E1060}.Release|x64.ActiveCfg = Release|Any CPU
		{C5AC713D-918F-4D26-B24D-F3E6565E1060}.Release|x64.Build.0 = Release|Any CPU
		{C5AC713D-918F-4D26-B24D-F3E6565E1060}.Release|x86.ActiveCfg = Release|Any CPU
		{C5AC713D-918F-4D26-B24D-F3E6565E1060}.Release|x86.Build.0 = Release|Any CPU
		{425AB722-5A95-4FC1-B684-36F8C8EE0F31}.Debug|Any CPU.ActiveCfg = Debug|Any CPU
		{425AB722-5A95-4FC1-B684-36F8C8EE0F31}.Debug|Any CPU.Build.0 = Debug|Any CPU
		{425AB722-5A95-4FC1-B684-36F8C8EE0F31}.Debug|x64.ActiveCfg = Debug|Any CPU
		{425AB722-5A95-4FC1-B684-36F8C8EE0F31}.Debug|x64.Build.0 = Debug|Any CPU
		{425AB722-5A95-4FC1-B684-36F8C8EE0F31}.Debug|x86.ActiveCfg = Debug|Any CPU
		{425AB722-5A95-4FC1-B684-36F8C8EE0F31}.Debug|x86.Build.0 = Debug|Any CPU
		{425AB722-5A95-4FC1-B684-36F8C8EE0F31}.Release|Any CPU.ActiveCfg = Release|Any CPU
		{425AB722-5A95-4FC1-B684-36F8C8EE0F31}.Release|Any CPU.Build.0 = Release|Any CPU
		{425AB722-5A95-4FC1-B684-36F8C8EE0F31}.Release|x64.ActiveCfg = Release|Any CPU
		{425AB722-5A95-4FC1-B684-36F8C8EE0F31}.Release|x64.Build.0 = Release|Any CPU
		{425AB722-5A95-4FC1-B684-36F8C8EE0F31}.Release|x86.ActiveCfg = Release|Any CPU
		{425AB722-5A95-4FC1-B684-36F8C8EE0F31}.Release|x86.Build.0 = Release|Any CPU
		{07BEB954-D777-4A59-8E23-C9FC914D6CD2}.Debug|Any CPU.ActiveCfg = Debug|Any CPU
		{07BEB954-D777-4A59-8E23-C9FC914D6CD2}.Debug|Any CPU.Build.0 = Debug|Any CPU
		{07BEB954-D777-4A59-8E23-C9FC914D6CD2}.Debug|x64.ActiveCfg = Debug|Any CPU
		{07BEB954-D777-4A59-8E23-C9FC914D6CD2}.Debug|x64.Build.0 = Debug|Any CPU
		{07BEB954-D777-4A59-8E23-C9FC914D6CD2}.Debug|x86.ActiveCfg = Debug|Any CPU
		{07BEB954-D777-4A59-8E23-C9FC914D6CD2}.Debug|x86.Build.0 = Debug|Any CPU
		{07BEB954-D777-4A59-8E23-C9FC914D6CD2}.Release|Any CPU.ActiveCfg = Release|Any CPU
		{07BEB954-D777-4A59-8E23-C9FC914D6CD2}.Release|Any CPU.Build.0 = Release|Any CPU
		{07BEB954-D777-4A59-8E23-C9FC914D6CD2}.Release|x64.ActiveCfg = Release|Any CPU
		{07BEB954-D777-4A59-8E23-C9FC914D6CD2}.Release|x64.Build.0 = Release|Any CPU
		{07BEB954-D777-4A59-8E23-C9FC914D6CD2}.Release|x86.ActiveCfg = Release|Any CPU
		{07BEB954-D777-4A59-8E23-C9FC914D6CD2}.Release|x86.Build.0 = Release|Any CPU
		{D0F6EE99-7A5E-4594-8FD6-91A6F6119654}.Debug|Any CPU.ActiveCfg = Debug|Any CPU
		{D0F6EE99-7A5E-4594-8FD6-91A6F6119654}.Debug|Any CPU.Build.0 = Debug|Any CPU
		{D0F6EE99-7A5E-4594-8FD6-91A6F6119654}.Debug|x64.ActiveCfg = Debug|Any CPU
		{D0F6EE99-7A5E-4594-8FD6-91A6F6119654}.Debug|x64.Build.0 = Debug|Any CPU
		{D0F6EE99-7A5E-4594-8FD6-91A6F6119654}.Debug|x86.ActiveCfg = Debug|Any CPU
		{D0F6EE99-7A5E-4594-8FD6-91A6F6119654}.Debug|x86.Build.0 = Debug|Any CPU
		{D0F6EE99-7A5E-4594-8FD6-91A6F6119654}.Release|Any CPU.ActiveCfg = Release|Any CPU
		{D0F6EE99-7A5E-4594-8FD6-91A6F6119654}.Release|Any CPU.Build.0 = Release|Any CPU
		{D0F6EE99-7A5E-4594-8FD6-91A6F6119654}.Release|x64.ActiveCfg = Release|Any CPU
		{D0F6EE99-7A5E-4594-8FD6-91A6F6119654}.Release|x64.Build.0 = Release|Any CPU
		{D0F6EE99-7A5E-4594-8FD6-91A6F6119654}.Release|x86.ActiveCfg = Release|Any CPU
		{D0F6EE99-7A5E-4594-8FD6-91A6F6119654}.Release|x86.Build.0 = Release|Any CPU
		{84328E5E-265A-4DC9-95D1-B38D3CD0500E}.Debug|Any CPU.ActiveCfg = Debug|Any CPU
		{84328E5E-265A-4DC9-95D1-B38D3CD0500E}.Debug|Any CPU.Build.0 = Debug|Any CPU
		{84328E5E-265A-4DC9-95D1-B38D3CD0500E}.Debug|x64.ActiveCfg = Debug|Any CPU
		{84328E5E-265A-4DC9-95D1-B38D3CD0500E}.Debug|x64.Build.0 = Debug|Any CPU
		{84328E5E-265A-4DC9-95D1-B38D3CD0500E}.Debug|x86.ActiveCfg = Debug|Any CPU
		{84328E5E-265A-4DC9-95D1-B38D3CD0500E}.Debug|x86.Build.0 = Debug|Any CPU
		{84328E5E-265A-4DC9-95D1-B38D3CD0500E}.Release|Any CPU.ActiveCfg = Release|Any CPU
		{84328E5E-265A-4DC9-95D1-B38D3CD0500E}.Release|Any CPU.Build.0 = Release|Any CPU
		{84328E5E-265A-4DC9-95D1-B38D3CD0500E}.Release|x64.ActiveCfg = Release|Any CPU
		{84328E5E-265A-4DC9-95D1-B38D3CD0500E}.Release|x64.Build.0 = Release|Any CPU
		{84328E5E-265A-4DC9-95D1-B38D3CD0500E}.Release|x86.ActiveCfg = Release|Any CPU
		{84328E5E-265A-4DC9-95D1-B38D3CD0500E}.Release|x86.Build.0 = Release|Any CPU
		{106B7D45-764D-4E21-A3E4-CCF336ED64A7}.Debug|Any CPU.ActiveCfg = Debug|Any CPU
		{106B7D45-764D-4E21-A3E4-CCF336ED64A7}.Debug|Any CPU.Build.0 = Debug|Any CPU
		{106B7D45-764D-4E21-A3E4-CCF336ED64A7}.Debug|x64.ActiveCfg = Debug|Any CPU
		{106B7D45-764D-4E21-A3E4-CCF336ED64A7}.Debug|x64.Build.0 = Debug|Any CPU
		{106B7D45-764D-4E21-A3E4-CCF336ED64A7}.Debug|x86.ActiveCfg = Debug|Any CPU
		{106B7D45-764D-4E21-A3E4-CCF336ED64A7}.Debug|x86.Build.0 = Debug|Any CPU
		{106B7D45-764D-4E21-A3E4-CCF336ED64A7}.Release|Any CPU.ActiveCfg = Release|Any CPU
		{106B7D45-764D-4E21-A3E4-CCF336ED64A7}.Release|Any CPU.Build.0 = Release|Any CPU
		{106B7D45-764D-4E21-A3E4-CCF336ED64A7}.Release|x64.ActiveCfg = Release|Any CPU
		{106B7D45-764D-4E21-A3E4-CCF336ED64A7}.Release|x64.Build.0 = Release|Any CPU
		{106B7D45-764D-4E21-A3E4-CCF336ED64A7}.Release|x86.ActiveCfg = Release|Any CPU
		{106B7D45-764D-4E21-A3E4-CCF336ED64A7}.Release|x86.Build.0 = Release|Any CPU
		{21C161AF-6C2C-44F5-BF05-ABE97979BB81}.Debug|Any CPU.ActiveCfg = Debug|Any CPU
		{21C161AF-6C2C-44F5-BF05-ABE97979BB81}.Debug|Any CPU.Build.0 = Debug|Any CPU
		{21C161AF-6C2C-44F5-BF05-ABE97979BB81}.Debug|x64.ActiveCfg = Debug|Any CPU
		{21C161AF-6C2C-44F5-BF05-ABE97979BB81}.Debug|x64.Build.0 = Debug|Any CPU
		{21C161AF-6C2C-44F5-BF05-ABE97979BB81}.Debug|x86.ActiveCfg = Debug|Any CPU
		{21C161AF-6C2C-44F5-BF05-ABE97979BB81}.Debug|x86.Build.0 = Debug|Any CPU
		{21C161AF-6C2C-44F5-BF05-ABE97979BB81}.Release|Any CPU.ActiveCfg = Release|Any CPU
		{21C161AF-6C2C-44F5-BF05-ABE97979BB81}.Release|Any CPU.Build.0 = Release|Any CPU
		{21C161AF-6C2C-44F5-BF05-ABE97979BB81}.Release|x64.ActiveCfg = Release|Any CPU
		{21C161AF-6C2C-44F5-BF05-ABE97979BB81}.Release|x64.Build.0 = Release|Any CPU
		{21C161AF-6C2C-44F5-BF05-ABE97979BB81}.Release|x86.ActiveCfg = Release|Any CPU
		{21C161AF-6C2C-44F5-BF05-ABE97979BB81}.Release|x86.Build.0 = Release|Any CPU
		{6AEB71D3-6FA4-45C9-B5F2-015C45C58BE3}.Debug|Any CPU.ActiveCfg = Debug|Any CPU
		{6AEB71D3-6FA4-45C9-B5F2-015C45C58BE3}.Debug|Any CPU.Build.0 = Debug|Any CPU
		{6AEB71D3-6FA4-45C9-B5F2-015C45C58BE3}.Debug|x64.ActiveCfg = Debug|Any CPU
		{6AEB71D3-6FA4-45C9-B5F2-015C45C58BE3}.Debug|x64.Build.0 = Debug|Any CPU
		{6AEB71D3-6FA4-45C9-B5F2-015C45C58BE3}.Debug|x86.ActiveCfg = Debug|Any CPU
		{6AEB71D3-6FA4-45C9-B5F2-015C45C58BE3}.Debug|x86.Build.0 = Debug|Any CPU
		{6AEB71D3-6FA4-45C9-B5F2-015C45C58BE3}.Release|Any CPU.ActiveCfg = Release|Any CPU
		{6AEB71D3-6FA4-45C9-B5F2-015C45C58BE3}.Release|Any CPU.Build.0 = Release|Any CPU
		{6AEB71D3-6FA4-45C9-B5F2-015C45C58BE3}.Release|x64.ActiveCfg = Release|Any CPU
		{6AEB71D3-6FA4-45C9-B5F2-015C45C58BE3}.Release|x64.Build.0 = Release|Any CPU
		{6AEB71D3-6FA4-45C9-B5F2-015C45C58BE3}.Release|x86.ActiveCfg = Release|Any CPU
		{6AEB71D3-6FA4-45C9-B5F2-015C45C58BE3}.Release|x86.Build.0 = Release|Any CPU
		{C202D8BD-6E35-4DA2-851E-6B26B7686169}.Debug|Any CPU.ActiveCfg = Debug|Any CPU
		{C202D8BD-6E35-4DA2-851E-6B26B7686169}.Debug|Any CPU.Build.0 = Debug|Any CPU
		{C202D8BD-6E35-4DA2-851E-6B26B7686169}.Debug|x64.ActiveCfg = Debug|Any CPU
		{C202D8BD-6E35-4DA2-851E-6B26B7686169}.Debug|x64.Build.0 = Debug|Any CPU
		{C202D8BD-6E35-4DA2-851E-6B26B7686169}.Debug|x86.ActiveCfg = Debug|Any CPU
		{C202D8BD-6E35-4DA2-851E-6B26B7686169}.Debug|x86.Build.0 = Debug|Any CPU
		{C202D8BD-6E35-4DA2-851E-6B26B7686169}.Release|Any CPU.ActiveCfg = Release|Any CPU
		{C202D8BD-6E35-4DA2-851E-6B26B7686169}.Release|Any CPU.Build.0 = Release|Any CPU
		{C202D8BD-6E35-4DA2-851E-6B26B7686169}.Release|x64.ActiveCfg = Release|Any CPU
		{C202D8BD-6E35-4DA2-851E-6B26B7686169}.Release|x64.Build.0 = Release|Any CPU
		{C202D8BD-6E35-4DA2-851E-6B26B7686169}.Release|x86.ActiveCfg = Release|Any CPU
		{C202D8BD-6E35-4DA2-851E-6B26B7686169}.Release|x86.Build.0 = Release|Any CPU
		{10CB2C56-8C88-4ABF-84F4-0402C9577302}.Debug|Any CPU.ActiveCfg = Debug|Any CPU
		{10CB2C56-8C88-4ABF-84F4-0402C9577302}.Debug|Any CPU.Build.0 = Debug|Any CPU
		{10CB2C56-8C88-4ABF-84F4-0402C9577302}.Debug|x64.ActiveCfg = Debug|Any CPU
		{10CB2C56-8C88-4ABF-84F4-0402C9577302}.Debug|x64.Build.0 = Debug|Any CPU
		{10CB2C56-8C88-4ABF-84F4-0402C9577302}.Debug|x86.ActiveCfg = Debug|Any CPU
		{10CB2C56-8C88-4ABF-84F4-0402C9577302}.Debug|x86.Build.0 = Debug|Any CPU
		{10CB2C56-8C88-4ABF-84F4-0402C9577302}.Release|Any CPU.ActiveCfg = Release|Any CPU
		{10CB2C56-8C88-4ABF-84F4-0402C9577302}.Release|Any CPU.Build.0 = Release|Any CPU
		{10CB2C56-8C88-4ABF-84F4-0402C9577302}.Release|x64.ActiveCfg = Release|Any CPU
		{10CB2C56-8C88-4ABF-84F4-0402C9577302}.Release|x64.Build.0 = Release|Any CPU
		{10CB2C56-8C88-4ABF-84F4-0402C9577302}.Release|x86.ActiveCfg = Release|Any CPU
		{10CB2C56-8C88-4ABF-84F4-0402C9577302}.Release|x86.Build.0 = Release|Any CPU
	EndGlobalSection
EndGlobal
