
Microsoft Visual Studio Solution File, Format Version 12.00
# Visual Studio Version 16
VisualStudioVersion = 16.6.30114.105
MinimumVisualStudioVersion = 10.0.40219.1
Project("{9A19103F-16F7-4668-BE54-9A1E7A4F7556}") = "R5T.Dunbar.Construction", "R5T.Dunbar.Construction\R5T.Dunbar.Construction.csproj", "{21FD56A4-32BB-4D62-841C-EA35885D7464}"
EndProject
Project("{9A19103F-16F7-4668-BE54-9A1E7A4F7556}") = "R5T.Dunbar", "R5T.Dunbar\R5T.Dunbar.csproj", "{81BCC2DE-9CBA-4332-8B38-F0B6448C90E2}"
EndProject
Project("{2150E333-8FDC-42A3-9474-1A3956D46DE8}") = "_Dependencies", "_Dependencies", "{5FDC67DA-2B6A-4E4D-85DF-B88FE79B65AF}"
EndProject
Project("{9A19103F-16F7-4668-BE54-9A1E7A4F7556}") = "R5T.Plymouth.ProgramAsAService", "..\..\R5T.Plymouth\source\R5T.Plymouth.ProgramAsAService\R5T.Plymouth.ProgramAsAService.csproj", "{7FE54E87-ADC4-4155-BA3B-879F1E37E6B0}"
EndProject
Project("{9A19103F-16F7-4668-BE54-9A1E7A4F7556}") = "R5T.Plymouth.Host", "..\..\R5T.Plymouth\source\R5T.Plymouth.Host\R5T.Plymouth.Host.csproj", "{644529C2-1782-4FC6-8814-D9DEF04F7560}"
EndProject
Project("{9A19103F-16F7-4668-BE54-9A1E7A4F7556}") = "R5T.Hostia.Extensions", "..\..\R5T.Hostia\source\R5T.Hostia.Extensions\R5T.Hostia.Extensions.csproj", "{C5973247-822E-4E08-8161-DB446C004674}"
EndProject
Project("{9A19103F-16F7-4668-BE54-9A1E7A4F7556}") = "R5T.Hostia", "..\..\R5T.Hostia\source\R5T.Hostia\R5T.Hostia.csproj", "{2D572C4A-EF7D-46B3-B76A-D0D61EB7F8E7}"
EndProject
Project("{9A19103F-16F7-4668-BE54-9A1E7A4F7556}") = "R5T.Plymouth.ServiceProvider", "..\..\R5T.Plymouth\source\R5T.Plymouth.ServiceProvider\R5T.Plymouth.ServiceProvider.csproj", "{20134FBF-EB2C-4079-A700-7DED06356196}"
EndProject
Project("{9A19103F-16F7-4668-BE54-9A1E7A4F7556}") = "R5T.Plymouth.Startup", "..\..\R5T.Plymouth\source\R5T.Plymouth.Startup\R5T.Plymouth.Startup.csproj", "{BF410E26-039F-4340-976A-AA24F92A8C03}"
EndProject
Project("{9A19103F-16F7-4668-BE54-9A1E7A4F7556}") = "R5T.Chamavia.Extensions", "..\..\R5T.Chamavia.Extensions\source\R5T.Chamavia.Extensions\R5T.Chamavia.Extensions.csproj", "{6F1931F8-0A0B-4D62-B085-C0E4E2BB94BE}"
EndProject
Project("{9A19103F-16F7-4668-BE54-9A1E7A4F7556}") = "R5T.Chamavia", "..\..\R5T.Chamavia\source\R5T.Chamavia\R5T.Chamavia.csproj", "{4DB077EC-AB8A-4A35-91A5-AAF1A9E20E71}"
EndProject
Project("{9A19103F-16F7-4668-BE54-9A1E7A4F7556}") = "R5T.Dacia.Extensions", "..\..\R5T.Dacia.Extensions\source\R5T.Dacia.Extensions\R5T.Dacia.Extensions.csproj", "{F5BE27CA-A069-4A17-A010-8B5FD63E73A0}"
EndProject
Project("{9A19103F-16F7-4668-BE54-9A1E7A4F7556}") = "R5T.Dacia", "..\..\R5T.Dacia\source\R5T.Dacia\R5T.Dacia.csproj", "{E0997636-AA84-4DFE-AD07-79EF919C818C}"
EndProject
Project("{9A19103F-16F7-4668-BE54-9A1E7A4F7556}") = "R5T.Plymouth", "..\..\R5T.Plymouth\source\R5T.Plymouth\R5T.Plymouth.csproj", "{BCF9D14E-CFB6-4A81-8E42-F6E2EC37DACD}"
EndProject
Global
	GlobalSection(SolutionConfigurationPlatforms) = preSolution
		Debug|Any CPU = Debug|Any CPU
		Debug|x64 = Debug|x64
		Debug|x86 = Debug|x86
		Release|Any CPU = Release|Any CPU
		Release|x64 = Release|x64
		Release|x86 = Release|x86
	EndGlobalSection
	GlobalSection(ProjectConfigurationPlatforms) = postSolution
		{21FD56A4-32BB-4D62-841C-EA35885D7464}.Debug|Any CPU.ActiveCfg = Debug|Any CPU
		{21FD56A4-32BB-4D62-841C-EA35885D7464}.Debug|Any CPU.Build.0 = Debug|Any CPU
		{21FD56A4-32BB-4D62-841C-EA35885D7464}.Debug|x64.ActiveCfg = Debug|Any CPU
		{21FD56A4-32BB-4D62-841C-EA35885D7464}.Debug|x64.Build.0 = Debug|Any CPU
		{21FD56A4-32BB-4D62-841C-EA35885D7464}.Debug|x86.ActiveCfg = Debug|Any CPU
		{21FD56A4-32BB-4D62-841C-EA35885D7464}.Debug|x86.Build.0 = Debug|Any CPU
		{21FD56A4-32BB-4D62-841C-EA35885D7464}.Release|Any CPU.ActiveCfg = Release|Any CPU
		{21FD56A4-32BB-4D62-841C-EA35885D7464}.Release|Any CPU.Build.0 = Release|Any CPU
		{21FD56A4-32BB-4D62-841C-EA35885D7464}.Release|x64.ActiveCfg = Release|Any CPU
		{21FD56A4-32BB-4D62-841C-EA35885D7464}.Release|x64.Build.0 = Release|Any CPU
		{21FD56A4-32BB-4D62-841C-EA35885D7464}.Release|x86.ActiveCfg = Release|Any CPU
		{21FD56A4-32BB-4D62-841C-EA35885D7464}.Release|x86.Build.0 = Release|Any CPU
		{81BCC2DE-9CBA-4332-8B38-F0B6448C90E2}.Debug|Any CPU.ActiveCfg = Debug|Any CPU
		{81BCC2DE-9CBA-4332-8B38-F0B6448C90E2}.Debug|Any CPU.Build.0 = Debug|Any CPU
		{81BCC2DE-9CBA-4332-8B38-F0B6448C90E2}.Debug|x64.ActiveCfg = Debug|Any CPU
		{81BCC2DE-9CBA-4332-8B38-F0B6448C90E2}.Debug|x64.Build.0 = Debug|Any CPU
		{81BCC2DE-9CBA-4332-8B38-F0B6448C90E2}.Debug|x86.ActiveCfg = Debug|Any CPU
		{81BCC2DE-9CBA-4332-8B38-F0B6448C90E2}.Debug|x86.Build.0 = Debug|Any CPU
		{81BCC2DE-9CBA-4332-8B38-F0B6448C90E2}.Release|Any CPU.ActiveCfg = Release|Any CPU
		{81BCC2DE-9CBA-4332-8B38-F0B6448C90E2}.Release|Any CPU.Build.0 = Release|Any CPU
		{81BCC2DE-9CBA-4332-8B38-F0B6448C90E2}.Release|x64.ActiveCfg = Release|Any CPU
		{81BCC2DE-9CBA-4332-8B38-F0B6448C90E2}.Release|x64.Build.0 = Release|Any CPU
		{81BCC2DE-9CBA-4332-8B38-F0B6448C90E2}.Release|x86.ActiveCfg = Release|Any CPU
		{81BCC2DE-9CBA-4332-8B38-F0B6448C90E2}.Release|x86.Build.0 = Release|Any CPU
		{7FE54E87-ADC4-4155-BA3B-879F1E37E6B0}.Debug|Any CPU.ActiveCfg = Debug|Any CPU
		{7FE54E87-ADC4-4155-BA3B-879F1E37E6B0}.Debug|Any CPU.Build.0 = Debug|Any CPU
		{7FE54E87-ADC4-4155-BA3B-879F1E37E6B0}.Debug|x64.ActiveCfg = Debug|Any CPU
		{7FE54E87-ADC4-4155-BA3B-879F1E37E6B0}.Debug|x64.Build.0 = Debug|Any CPU
		{7FE54E87-ADC4-4155-BA3B-879F1E37E6B0}.Debug|x86.ActiveCfg = Debug|Any CPU
		{7FE54E87-ADC4-4155-BA3B-879F1E37E6B0}.Debug|x86.Build.0 = Debug|Any CPU
		{7FE54E87-ADC4-4155-BA3B-879F1E37E6B0}.Release|Any CPU.ActiveCfg = Release|Any CPU
		{7FE54E87-ADC4-4155-BA3B-879F1E37E6B0}.Release|Any CPU.Build.0 = Release|Any CPU
		{7FE54E87-ADC4-4155-BA3B-879F1E37E6B0}.Release|x64.ActiveCfg = Release|Any CPU
		{7FE54E87-ADC4-4155-BA3B-879F1E37E6B0}.Release|x64.Build.0 = Release|Any CPU
		{7FE54E87-ADC4-4155-BA3B-879F1E37E6B0}.Release|x86.ActiveCfg = Release|Any CPU
		{7FE54E87-ADC4-4155-BA3B-879F1E37E6B0}.Release|x86.Build.0 = Release|Any CPU
		{644529C2-1782-4FC6-8814-D9DEF04F7560}.Debug|Any CPU.ActiveCfg = Debug|Any CPU
		{644529C2-1782-4FC6-8814-D9DEF04F7560}.Debug|Any CPU.Build.0 = Debug|Any CPU
		{644529C2-1782-4FC6-8814-D9DEF04F7560}.Debug|x64.ActiveCfg = Debug|Any CPU
		{644529C2-1782-4FC6-8814-D9DEF04F7560}.Debug|x64.Build.0 = Debug|Any CPU
		{644529C2-1782-4FC6-8814-D9DEF04F7560}.Debug|x86.ActiveCfg = Debug|Any CPU
		{644529C2-1782-4FC6-8814-D9DEF04F7560}.Debug|x86.Build.0 = Debug|Any CPU
		{644529C2-1782-4FC6-8814-D9DEF04F7560}.Release|Any CPU.ActiveCfg = Release|Any CPU
		{644529C2-1782-4FC6-8814-D9DEF04F7560}.Release|Any CPU.Build.0 = Release|Any CPU
		{644529C2-1782-4FC6-8814-D9DEF04F7560}.Release|x64.ActiveCfg = Release|Any CPU
		{644529C2-1782-4FC6-8814-D9DEF04F7560}.Release|x64.Build.0 = Release|Any CPU
		{644529C2-1782-4FC6-8814-D9DEF04F7560}.Release|x86.ActiveCfg = Release|Any CPU
		{644529C2-1782-4FC6-8814-D9DEF04F7560}.Release|x86.Build.0 = Release|Any CPU
		{C5973247-822E-4E08-8161-DB446C004674}.Debug|Any CPU.ActiveCfg = Debug|Any CPU
		{C5973247-822E-4E08-8161-DB446C004674}.Debug|Any CPU.Build.0 = Debug|Any CPU
		{C5973247-822E-4E08-8161-DB446C004674}.Debug|x64.ActiveCfg = Debug|Any CPU
		{C5973247-822E-4E08-8161-DB446C004674}.Debug|x64.Build.0 = Debug|Any CPU
		{C5973247-822E-4E08-8161-DB446C004674}.Debug|x86.ActiveCfg = Debug|Any CPU
		{C5973247-822E-4E08-8161-DB446C004674}.Debug|x86.Build.0 = Debug|Any CPU
		{C5973247-822E-4E08-8161-DB446C004674}.Release|Any CPU.ActiveCfg = Release|Any CPU
		{C5973247-822E-4E08-8161-DB446C004674}.Release|Any CPU.Build.0 = Release|Any CPU
		{C5973247-822E-4E08-8161-DB446C004674}.Release|x64.ActiveCfg = Release|Any CPU
		{C5973247-822E-4E08-8161-DB446C004674}.Release|x64.Build.0 = Release|Any CPU
		{C5973247-822E-4E08-8161-DB446C004674}.Release|x86.ActiveCfg = Release|Any CPU
		{C5973247-822E-4E08-8161-DB446C004674}.Release|x86.Build.0 = Release|Any CPU
		{2D572C4A-EF7D-46B3-B76A-D0D61EB7F8E7}.Debug|Any CPU.ActiveCfg = Debug|Any CPU
		{2D572C4A-EF7D-46B3-B76A-D0D61EB7F8E7}.Debug|Any CPU.Build.0 = Debug|Any CPU
		{2D572C4A-EF7D-46B3-B76A-D0D61EB7F8E7}.Debug|x64.ActiveCfg = Debug|Any CPU
		{2D572C4A-EF7D-46B3-B76A-D0D61EB7F8E7}.Debug|x64.Build.0 = Debug|Any CPU
		{2D572C4A-EF7D-46B3-B76A-D0D61EB7F8E7}.Debug|x86.ActiveCfg = Debug|Any CPU
		{2D572C4A-EF7D-46B3-B76A-D0D61EB7F8E7}.Debug|x86.Build.0 = Debug|Any CPU
		{2D572C4A-EF7D-46B3-B76A-D0D61EB7F8E7}.Release|Any CPU.ActiveCfg = Release|Any CPU
		{2D572C4A-EF7D-46B3-B76A-D0D61EB7F8E7}.Release|Any CPU.Build.0 = Release|Any CPU
		{2D572C4A-EF7D-46B3-B76A-D0D61EB7F8E7}.Release|x64.ActiveCfg = Release|Any CPU
		{2D572C4A-EF7D-46B3-B76A-D0D61EB7F8E7}.Release|x64.Build.0 = Release|Any CPU
		{2D572C4A-EF7D-46B3-B76A-D0D61EB7F8E7}.Release|x86.ActiveCfg = Release|Any CPU
		{2D572C4A-EF7D-46B3-B76A-D0D61EB7F8E7}.Release|x86.Build.0 = Release|Any CPU
		{20134FBF-EB2C-4079-A700-7DED06356196}.Debug|Any CPU.ActiveCfg = Debug|Any CPU
		{20134FBF-EB2C-4079-A700-7DED06356196}.Debug|Any CPU.Build.0 = Debug|Any CPU
		{20134FBF-EB2C-4079-A700-7DED06356196}.Debug|x64.ActiveCfg = Debug|Any CPU
		{20134FBF-EB2C-4079-A700-7DED06356196}.Debug|x64.Build.0 = Debug|Any CPU
		{20134FBF-EB2C-4079-A700-7DED06356196}.Debug|x86.ActiveCfg = Debug|Any CPU
		{20134FBF-EB2C-4079-A700-7DED06356196}.Debug|x86.Build.0 = Debug|Any CPU
		{20134FBF-EB2C-4079-A700-7DED06356196}.Release|Any CPU.ActiveCfg = Release|Any CPU
		{20134FBF-EB2C-4079-A700-7DED06356196}.Release|Any CPU.Build.0 = Release|Any CPU
		{20134FBF-EB2C-4079-A700-7DED06356196}.Release|x64.ActiveCfg = Release|Any CPU
		{20134FBF-EB2C-4079-A700-7DED06356196}.Release|x64.Build.0 = Release|Any CPU
		{20134FBF-EB2C-4079-A700-7DED06356196}.Release|x86.ActiveCfg = Release|Any CPU
		{20134FBF-EB2C-4079-A700-7DED06356196}.Release|x86.Build.0 = Release|Any CPU
		{BF410E26-039F-4340-976A-AA24F92A8C03}.Debug|Any CPU.ActiveCfg = Debug|Any CPU
		{BF410E26-039F-4340-976A-AA24F92A8C03}.Debug|Any CPU.Build.0 = Debug|Any CPU
		{BF410E26-039F-4340-976A-AA24F92A8C03}.Debug|x64.ActiveCfg = Debug|Any CPU
		{BF410E26-039F-4340-976A-AA24F92A8C03}.Debug|x64.Build.0 = Debug|Any CPU
		{BF410E26-039F-4340-976A-AA24F92A8C03}.Debug|x86.ActiveCfg = Debug|Any CPU
		{BF410E26-039F-4340-976A-AA24F92A8C03}.Debug|x86.Build.0 = Debug|Any CPU
		{BF410E26-039F-4340-976A-AA24F92A8C03}.Release|Any CPU.ActiveCfg = Release|Any CPU
		{BF410E26-039F-4340-976A-AA24F92A8C03}.Release|Any CPU.Build.0 = Release|Any CPU
		{BF410E26-039F-4340-976A-AA24F92A8C03}.Release|x64.ActiveCfg = Release|Any CPU
		{BF410E26-039F-4340-976A-AA24F92A8C03}.Release|x64.Build.0 = Release|Any CPU
		{BF410E26-039F-4340-976A-AA24F92A8C03}.Release|x86.ActiveCfg = Release|Any CPU
		{BF410E26-039F-4340-976A-AA24F92A8C03}.Release|x86.Build.0 = Release|Any CPU
		{6F1931F8-0A0B-4D62-B085-C0E4E2BB94BE}.Debug|Any CPU.ActiveCfg = Debug|Any CPU
		{6F1931F8-0A0B-4D62-B085-C0E4E2BB94BE}.Debug|Any CPU.Build.0 = Debug|Any CPU
		{6F1931F8-0A0B-4D62-B085-C0E4E2BB94BE}.Debug|x64.ActiveCfg = Debug|Any CPU
		{6F1931F8-0A0B-4D62-B085-C0E4E2BB94BE}.Debug|x64.Build.0 = Debug|Any CPU
		{6F1931F8-0A0B-4D62-B085-C0E4E2BB94BE}.Debug|x86.ActiveCfg = Debug|Any CPU
		{6F1931F8-0A0B-4D62-B085-C0E4E2BB94BE}.Debug|x86.Build.0 = Debug|Any CPU
		{6F1931F8-0A0B-4D62-B085-C0E4E2BB94BE}.Release|Any CPU.ActiveCfg = Release|Any CPU
		{6F1931F8-0A0B-4D62-B085-C0E4E2BB94BE}.Release|Any CPU.Build.0 = Release|Any CPU
		{6F1931F8-0A0B-4D62-B085-C0E4E2BB94BE}.Release|x64.ActiveCfg = Release|Any CPU
		{6F1931F8-0A0B-4D62-B085-C0E4E2BB94BE}.Release|x64.Build.0 = Release|Any CPU
		{6F1931F8-0A0B-4D62-B085-C0E4E2BB94BE}.Release|x86.ActiveCfg = Release|Any CPU
		{6F1931F8-0A0B-4D62-B085-C0E4E2BB94BE}.Release|x86.Build.0 = Release|Any CPU
		{4DB077EC-AB8A-4A35-91A5-AAF1A9E20E71}.Debug|Any CPU.ActiveCfg = Debug|Any CPU
		{4DB077EC-AB8A-4A35-91A5-AAF1A9E20E71}.Debug|Any CPU.Build.0 = Debug|Any CPU
		{4DB077EC-AB8A-4A35-91A5-AAF1A9E20E71}.Debug|x64.ActiveCfg = Debug|Any CPU
		{4DB077EC-AB8A-4A35-91A5-AAF1A9E20E71}.Debug|x64.Build.0 = Debug|Any CPU
		{4DB077EC-AB8A-4A35-91A5-AAF1A9E20E71}.Debug|x86.ActiveCfg = Debug|Any CPU
		{4DB077EC-AB8A-4A35-91A5-AAF1A9E20E71}.Debug|x86.Build.0 = Debug|Any CPU
		{4DB077EC-AB8A-4A35-91A5-AAF1A9E20E71}.Release|Any CPU.ActiveCfg = Release|Any CPU
		{4DB077EC-AB8A-4A35-91A5-AAF1A9E20E71}.Release|Any CPU.Build.0 = Release|Any CPU
		{4DB077EC-AB8A-4A35-91A5-AAF1A9E20E71}.Release|x64.ActiveCfg = Release|Any CPU
		{4DB077EC-AB8A-4A35-91A5-AAF1A9E20E71}.Release|x64.Build.0 = Release|Any CPU
		{4DB077EC-AB8A-4A35-91A5-AAF1A9E20E71}.Release|x86.ActiveCfg = Release|Any CPU
		{4DB077EC-AB8A-4A35-91A5-AAF1A9E20E71}.Release|x86.Build.0 = Release|Any CPU
		{F5BE27CA-A069-4A17-A010-8B5FD63E73A0}.Debug|Any CPU.ActiveCfg = Debug|Any CPU
		{F5BE27CA-A069-4A17-A010-8B5FD63E73A0}.Debug|Any CPU.Build.0 = Debug|Any CPU
		{F5BE27CA-A069-4A17-A010-8B5FD63E73A0}.Debug|x64.ActiveCfg = Debug|Any CPU
		{F5BE27CA-A069-4A17-A010-8B5FD63E73A0}.Debug|x64.Build.0 = Debug|Any CPU
		{F5BE27CA-A069-4A17-A010-8B5FD63E73A0}.Debug|x86.ActiveCfg = Debug|Any CPU
		{F5BE27CA-A069-4A17-A010-8B5FD63E73A0}.Debug|x86.Build.0 = Debug|Any CPU
		{F5BE27CA-A069-4A17-A010-8B5FD63E73A0}.Release|Any CPU.ActiveCfg = Release|Any CPU
		{F5BE27CA-A069-4A17-A010-8B5FD63E73A0}.Release|Any CPU.Build.0 = Release|Any CPU
		{F5BE27CA-A069-4A17-A010-8B5FD63E73A0}.Release|x64.ActiveCfg = Release|Any CPU
		{F5BE27CA-A069-4A17-A010-8B5FD63E73A0}.Release|x64.Build.0 = Release|Any CPU
		{F5BE27CA-A069-4A17-A010-8B5FD63E73A0}.Release|x86.ActiveCfg = Release|Any CPU
		{F5BE27CA-A069-4A17-A010-8B5FD63E73A0}.Release|x86.Build.0 = Release|Any CPU
		{E0997636-AA84-4DFE-AD07-79EF919C818C}.Debug|Any CPU.ActiveCfg = Debug|Any CPU
		{E0997636-AA84-4DFE-AD07-79EF919C818C}.Debug|Any CPU.Build.0 = Debug|Any CPU
		{E0997636-AA84-4DFE-AD07-79EF919C818C}.Debug|x64.ActiveCfg = Debug|Any CPU
		{E0997636-AA84-4DFE-AD07-79EF919C818C}.Debug|x64.Build.0 = Debug|Any CPU
		{E0997636-AA84-4DFE-AD07-79EF919C818C}.Debug|x86.ActiveCfg = Debug|Any CPU
		{E0997636-AA84-4DFE-AD07-79EF919C818C}.Debug|x86.Build.0 = Debug|Any CPU
		{E0997636-AA84-4DFE-AD07-79EF919C818C}.Release|Any CPU.ActiveCfg = Release|Any CPU
		{E0997636-AA84-4DFE-AD07-79EF919C818C}.Release|Any CPU.Build.0 = Release|Any CPU
		{E0997636-AA84-4DFE-AD07-79EF919C818C}.Release|x64.ActiveCfg = Release|Any CPU
		{E0997636-AA84-4DFE-AD07-79EF919C818C}.Release|x64.Build.0 = Release|Any CPU
		{E0997636-AA84-4DFE-AD07-79EF919C818C}.Release|x86.ActiveCfg = Release|Any CPU
		{E0997636-AA84-4DFE-AD07-79EF919C818C}.Release|x86.Build.0 = Release|Any CPU
		{BCF9D14E-CFB6-4A81-8E42-F6E2EC37DACD}.Debug|Any CPU.ActiveCfg = Debug|Any CPU
		{BCF9D14E-CFB6-4A81-8E42-F6E2EC37DACD}.Debug|Any CPU.Build.0 = Debug|Any CPU
		{BCF9D14E-CFB6-4A81-8E42-F6E2EC37DACD}.Debug|x64.ActiveCfg = Debug|Any CPU
		{BCF9D14E-CFB6-4A81-8E42-F6E2EC37DACD}.Debug|x64.Build.0 = Debug|Any CPU
		{BCF9D14E-CFB6-4A81-8E42-F6E2EC37DACD}.Debug|x86.ActiveCfg = Debug|Any CPU
		{BCF9D14E-CFB6-4A81-8E42-F6E2EC37DACD}.Debug|x86.Build.0 = Debug|Any CPU
		{BCF9D14E-CFB6-4A81-8E42-F6E2EC37DACD}.Release|Any CPU.ActiveCfg = Release|Any CPU
		{BCF9D14E-CFB6-4A81-8E42-F6E2EC37DACD}.Release|Any CPU.Build.0 = Release|Any CPU
		{BCF9D14E-CFB6-4A81-8E42-F6E2EC37DACD}.Release|x64.ActiveCfg = Release|Any CPU
		{BCF9D14E-CFB6-4A81-8E42-F6E2EC37DACD}.Release|x64.Build.0 = Release|Any CPU
		{BCF9D14E-CFB6-4A81-8E42-F6E2EC37DACD}.Release|x86.ActiveCfg = Release|Any CPU
		{BCF9D14E-CFB6-4A81-8E42-F6E2EC37DACD}.Release|x86.Build.0 = Release|Any CPU
	EndGlobalSection
	GlobalSection(SolutionProperties) = preSolution
		HideSolutionNode = FALSE
	EndGlobalSection
	GlobalSection(NestedProjects) = preSolution
		{7FE54E87-ADC4-4155-BA3B-879F1E37E6B0} = {5FDC67DA-2B6A-4E4D-85DF-B88FE79B65AF}
		{644529C2-1782-4FC6-8814-D9DEF04F7560} = {5FDC67DA-2B6A-4E4D-85DF-B88FE79B65AF}
		{C5973247-822E-4E08-8161-DB446C004674} = {5FDC67DA-2B6A-4E4D-85DF-B88FE79B65AF}
		{2D572C4A-EF7D-46B3-B76A-D0D61EB7F8E7} = {5FDC67DA-2B6A-4E4D-85DF-B88FE79B65AF}
		{20134FBF-EB2C-4079-A700-7DED06356196} = {5FDC67DA-2B6A-4E4D-85DF-B88FE79B65AF}
		{BF410E26-039F-4340-976A-AA24F92A8C03} = {5FDC67DA-2B6A-4E4D-85DF-B88FE79B65AF}
		{6F1931F8-0A0B-4D62-B085-C0E4E2BB94BE} = {5FDC67DA-2B6A-4E4D-85DF-B88FE79B65AF}
		{4DB077EC-AB8A-4A35-91A5-AAF1A9E20E71} = {5FDC67DA-2B6A-4E4D-85DF-B88FE79B65AF}
		{F5BE27CA-A069-4A17-A010-8B5FD63E73A0} = {5FDC67DA-2B6A-4E4D-85DF-B88FE79B65AF}
		{E0997636-AA84-4DFE-AD07-79EF919C818C} = {5FDC67DA-2B6A-4E4D-85DF-B88FE79B65AF}
		{BCF9D14E-CFB6-4A81-8E42-F6E2EC37DACD} = {5FDC67DA-2B6A-4E4D-85DF-B88FE79B65AF}
	EndGlobalSection
	GlobalSection(ExtensibilityGlobals) = postSolution
		SolutionGuid = {B6762455-3F6F-43F5-A65B-FD1DE2863F21}
	EndGlobalSection
EndGlobal
